// !$*UTF8*$!
{
	archiveVersion = 1;
	classes = {
	};
	objectVersion = 48;
	objects = {

/* Begin PBXBuildFile section */
		5F0657312110A32E0081D6A9 /* RZUserModel.m in Sources */ = {isa = PBXBuildFile; fileRef = 5F0657302110A32E0081D6A9 /* RZUserModel.m */; };
		5F24824E2191311100AC07FD /* TIMServer.framework in Frameworks */ = {isa = PBXBuildFile; fileRef = 5F24824D2191311100AC07FD /* TIMServer.framework */; };
		5F2CF71D2119E58700B85798 /* RZLoginTextField.swift in Sources */ = {isa = PBXBuildFile; fileRef = 5F2CF71C2119E58700B85798 /* RZLoginTextField.swift */; };
		5F2D8F74217FFA460045D8B6 /* asset in Resources */ = {isa = PBXBuildFile; fileRef = 5F2D8F73217FFA460045D8B6 /* asset */; };
		5F403D4A2101EFDA00050FEB /* InfoPlist.strings in Resources */ = {isa = PBXBuildFile; fileRef = 5F403D4C2101EFDA00050FEB /* InfoPlist.strings */; };
		5F50FE68211036C500499F1E /* RZUserInfoModel.m in Sources */ = {isa = PBXBuildFile; fileRef = 5F50FE67211036C500499F1E /* RZUserInfoModel.m */; };
		5F50FE6B21104A0E00499F1E /* RZBaseUtils.m in Sources */ = {isa = PBXBuildFile; fileRef = 5F50FE6A21104A0E00499F1E /* RZBaseUtils.m */; };
		5F50FE6E21104FC600499F1E /* RZUser.m in Sources */ = {isa = PBXBuildFile; fileRef = 5F50FE6D21104FC600499F1E /* RZUser.m */; };
		5F50FE732110698800499F1E /* RZAPIUser.m in Sources */ = {isa = PBXBuildFile; fileRef = 5F50FE722110698800499F1E /* RZAPIUser.m */; };
		5F5244B2217FFDCC00389CD7 /* RZWebKitManager.m in Sources */ = {isa = PBXBuildFile; fileRef = 5F5244B1217FFDCC00389CD7 /* RZWebKitManager.m */; };
		5F5244B5218007AD00389CD7 /* NSDictionary+RZ.m in Sources */ = {isa = PBXBuildFile; fileRef = 5F5244B4218007AD00389CD7 /* NSDictionary+RZ.m */; };
		5F5244D7218022CB00389CD7 /* libc++.tbd in Frameworks */ = {isa = PBXBuildFile; fileRef = 5F5244D6218022CB00389CD7 /* libc++.tbd */; };
		5F5244D9218022D600389CD7 /* libz.tbd in Frameworks */ = {isa = PBXBuildFile; fileRef = 5F5244D8218022D600389CD7 /* libz.tbd */; };
		5F5244DB218022E200389CD7 /* libsqlite3.tbd in Frameworks */ = {isa = PBXBuildFile; fileRef = 5F5244DA218022E200389CD7 /* libsqlite3.tbd */; };
		5F52452B2182ECFC00389CD7 /* RZUserManager.m in Sources */ = {isa = PBXBuildFile; fileRef = 5F52452A2182ECFC00389CD7 /* RZUserManager.m */; };
		5F7012B220F58B1E00088216 /* RZAPI.m in Sources */ = {isa = PBXBuildFile; fileRef = 5F7012B120F58B1E00088216 /* RZAPI.m */; };
		5F7012B520F58DF300088216 /* RZAPIResponse.m in Sources */ = {isa = PBXBuildFile; fileRef = 5F7012B420F58DF300088216 /* RZAPIResponse.m */; };
		5F7012B820F58E0400088216 /* RZAPIError.m in Sources */ = {isa = PBXBuildFile; fileRef = 5F7012B720F58E0400088216 /* RZAPIError.m */; };
		5F7012BB20F5D5D400088216 /* RZGlobal.m in Sources */ = {isa = PBXBuildFile; fileRef = 5F7012BA20F5D5D400088216 /* RZGlobal.m */; };
		5F7012BE20F5DC7C00088216 /* RZAPILogin.m in Sources */ = {isa = PBXBuildFile; fileRef = 5F7012BD20F5DC7C00088216 /* RZAPILogin.m */; };
		5F7012C220F5DE5400088216 /* RZDTOLogin.m in Sources */ = {isa = PBXBuildFile; fileRef = 5F7012C120F5DE5400088216 /* RZDTOLogin.m */; };
		5F7012D020F6160100088216 /* RZRootViewController.m in Sources */ = {isa = PBXBuildFile; fileRef = 5F7012CF20F6160100088216 /* RZRootViewController.m */; };
		5F83FBC02122F46700FF9AD4 /* RZLoginViewController.swift in Sources */ = {isa = PBXBuildFile; fileRef = 5F83FBBF2122F46700FF9AD4 /* RZLoginViewController.swift */; };
		5F83FBC22122F50100FF9AD4 /* RZRegisterViewController.swift in Sources */ = {isa = PBXBuildFile; fileRef = 5F83FBC12122F50100FF9AD4 /* RZRegisterViewController.swift */; };
		5F8E387521848D2500205C9E /* RZAPITencent.m in Sources */ = {isa = PBXBuildFile; fileRef = 5F8E387421848D2500205C9E /* RZAPITencent.m */; };
		5F9149292192867500148AAA /* ImSDK.framework in Frameworks */ = {isa = PBXBuildFile; fileRef = 5F9149242192867400148AAA /* ImSDK.framework */; };
		5F91492A2192867500148AAA /* IMFriendshipExt.framework in Frameworks */ = {isa = PBXBuildFile; fileRef = 5F9149252192867400148AAA /* IMFriendshipExt.framework */; };
		5F91492B2192867500148AAA /* TLSSDK.framework in Frameworks */ = {isa = PBXBuildFile; fileRef = 5F9149262192867400148AAA /* TLSSDK.framework */; };
		5F91492C2192867500148AAA /* IMMessageExt.framework in Frameworks */ = {isa = PBXBuildFile; fileRef = 5F9149272192867400148AAA /* IMMessageExt.framework */; };
		5F91492D2192867500148AAA /* QALSDK.framework in Frameworks */ = {isa = PBXBuildFile; fileRef = 5F9149282192867400148AAA /* QALSDK.framework */; };
		5F91492E2192885700148AAA /* CoreTelephony.framework in Frameworks */ = {isa = PBXBuildFile; fileRef = 5F5244D4218022BC00389CD7 /* CoreTelephony.framework */; };
		5F91492F2192885D00148AAA /* SystemConfiguration.framework in Frameworks */ = {isa = PBXBuildFile; fileRef = B2003AA420D4892C00AEA413 /* SystemConfiguration.framework */; };
		5FA3BCFF20F6F31A00A1958A /* Assets.xcassets in Resources */ = {isa = PBXBuildFile; fileRef = 5FA3BCFE20F6F31A00A1958A /* Assets.xcassets */; };
		5FB6B93320F4AA8D00AEBCF0 /* RZUserTextField.m in Sources */ = {isa = PBXBuildFile; fileRef = 5FB6B93220F4AA8D00AEBCF0 /* RZUserTextField.m */; };
		5FB6B93620F4B0B000AEBCF0 /* RZUserButton.m in Sources */ = {isa = PBXBuildFile; fileRef = 5FB6B93520F4B0B000AEBCF0 /* RZUserButton.m */; };
		5FBAEA22211333AD0002C2B5 /* QCMethod.m in Sources */ = {isa = PBXBuildFile; fileRef = 5FBAEA21211333AD0002C2B5 /* QCMethod.m */; };
		5FBAEA2721154C000002C2B5 /* RZAPIBase.m in Sources */ = {isa = PBXBuildFile; fileRef = 5FBAEA2621154C000002C2B5 /* RZAPIBase.m */; };
		5FBAEA2A21154CD70002C2B5 /* RZAPIDefine.m in Sources */ = {isa = PBXBuildFile; fileRef = 5FBAEA2921154CD70002C2B5 /* RZAPIDefine.m */; };
		5FBAEA2D211556730002C2B5 /* RZAPIHomePage.m in Sources */ = {isa = PBXBuildFile; fileRef = 5FBAEA2C211556730002C2B5 /* RZAPIHomePage.m */; };
		5FBAEA30211556E30002C2B5 /* RZHomePageModel.m in Sources */ = {isa = PBXBuildFile; fileRef = 5FBAEA2F211556E30002C2B5 /* RZHomePageModel.m */; };
		5FBF57FF20F72D7300CC15A2 /* RZMenuViewController.m in Sources */ = {isa = PBXBuildFile; fileRef = 5FBF57FE20F72D7300CC15A2 /* RZMenuViewController.m */; };
		5FBF580B20F72E0000CC15A2 /* RZMenuManager.m in Sources */ = {isa = PBXBuildFile; fileRef = 5FBF580A20F72E0000CC15A2 /* RZMenuManager.m */; };
		5FBF587220F84A4D00CC15A2 /* RZMenuButton.m in Sources */ = {isa = PBXBuildFile; fileRef = 5FBF587120F84A4D00CC15A2 /* RZMenuButton.m */; };
		5FBF587920F87C3A00CC15A2 /* RZUserViewController.m in Sources */ = {isa = PBXBuildFile; fileRef = 5FBF587820F87C3A00CC15A2 /* RZUserViewController.m */; };
		5FBF588020F8842700CC15A2 /* RZSettingViewController.m in Sources */ = {isa = PBXBuildFile; fileRef = 5FBF587F20F8842700CC15A2 /* RZSettingViewController.m */; };
		5FBF588320F8892900CC15A2 /* RZSettingCell.m in Sources */ = {isa = PBXBuildFile; fileRef = 5FBF588220F8892900CC15A2 /* RZSettingCell.m */; };
		5FBF588920F8BAF800CC15A2 /* RZAboutViewController.m in Sources */ = {isa = PBXBuildFile; fileRef = 5FBF588820F8BAF800CC15A2 /* RZAboutViewController.m */; };
		5FC4EA2021899DDE007A487E /* TIMServerLocalizable.bundle in Resources */ = {isa = PBXBuildFile; fileRef = 5FC4EA1F21899DDE007A487E /* TIMServerLocalizable.bundle */; };
		5FD82CC4217E26BE00D1779A /* RZBaseWebKitController.m in Sources */ = {isa = PBXBuildFile; fileRef = 5FD82CC3217E26BE00D1779A /* RZBaseWebKitController.m */; };
		5FD82CCD217E27A200D1779A /* RZWebServerManager.m in Sources */ = {isa = PBXBuildFile; fileRef = 5FD82CCC217E27A200D1779A /* RZWebServerManager.m */; };
		5FD82CD2217E2EFB00D1779A /* RZDevelopViewController.m in Sources */ = {isa = PBXBuildFile; fileRef = 5FD82CD1217E2EFB00D1779A /* RZDevelopViewController.m */; };
		5FEDA52121882F5900667A8A /* TIMServer.bundle in Resources */ = {isa = PBXBuildFile; fileRef = 5FEDA52021882F5800667A8A /* TIMServer.bundle */; };
		B20AC21620EBC9DB008043C7 /* NSString+RZ.m in Sources */ = {isa = PBXBuildFile; fileRef = B20AC21520EBC9DB008043C7 /* NSString+RZ.m */; };
		B2509DBA20F0ED10009B5F5F /* RZRegisterViewController.m in Sources */ = {isa = PBXBuildFile; fileRef = B2509DB920F0ED10009B5F5F /* RZRegisterViewController.m */; };
		B2D2184B20F1FD1100331F4C /* UIColor+RZ.m in Sources */ = {isa = PBXBuildFile; fileRef = B2D2184A20F1FD1100331F4C /* UIColor+RZ.m */; };
		B2D2185220F2061800331F4C /* RZNavBarItem.m in Sources */ = {isa = PBXBuildFile; fileRef = B2D2185120F2061800331F4C /* RZNavBarItem.m */; };
		B2D2185520F207DA00331F4C /* UIImage+RZ.m in Sources */ = {isa = PBXBuildFile; fileRef = B2D2185420F207DA00331F4C /* UIImage+RZ.m */; };
		B2D2185A20F2108E00331F4C /* RZNavBar.m in Sources */ = {isa = PBXBuildFile; fileRef = B2D2185920F2108E00331F4C /* RZNavBar.m */; };
		B2D2185F20F3A6CB00331F4C /* RZLoginTextField.m in Sources */ = {isa = PBXBuildFile; fileRef = B2D2185E20F3A6CB00331F4C /* RZLoginTextField.m */; };
		B2D2186320F3B18A00331F4C /* RZInternalUtility.m in Sources */ = {isa = PBXBuildFile; fileRef = B2D2186220F3B18A00331F4C /* RZInternalUtility.m */; };
		B2D2187220F3B97600331F4C /* RZInternalStrings.bundle in Resources */ = {isa = PBXBuildFile; fileRef = B2D2187120F3B97600331F4C /* RZInternalStrings.bundle */; };
		B2D2187620F510C900331F4C /* NSAttributedString+RZ.m in Sources */ = {isa = PBXBuildFile; fileRef = B2D2187520F510C900331F4C /* NSAttributedString+RZ.m */; };
		B2D2187B20F7A05E00331F4C /* RZHotPotView.m in Sources */ = {isa = PBXBuildFile; fileRef = B2D2187A20F7A05E00331F4C /* RZHotPotView.m */; };
		B2D2188020F7A0A900331F4C /* RZHotPotModel.m in Sources */ = {isa = PBXBuildFile; fileRef = B2D2187F20F7A0A900331F4C /* RZHotPotModel.m */; };
		B2D2188320FAEF4C00331F4C /* Student.m in Sources */ = {isa = PBXBuildFile; fileRef = B2D2188120FAEF4B00331F4C /* Student.m */; };
		B2D2188D20FB1F5A00331F4C /* RZLoginManager.m in Sources */ = {isa = PBXBuildFile; fileRef = B2D2188C20FB1F5A00331F4C /* RZLoginManager.m */; };
		B2F14D1220C3EE7F005DF168 /* AppDelegate.m in Sources */ = {isa = PBXBuildFile; fileRef = B2F14D1120C3EE7F005DF168 /* AppDelegate.m */; };
		B2F14D1D20C3EE81005DF168 /* LaunchScreen.storyboard in Resources */ = {isa = PBXBuildFile; fileRef = B2F14D1B20C3EE81005DF168 /* LaunchScreen.storyboard */; };
		B2F14D2020C3EE81005DF168 /* main.m in Sources */ = {isa = PBXBuildFile; fileRef = B2F14D1F20C3EE81005DF168 /* main.m */; };
		B2F14D4620C3FA98005DF168 /* Apple Chancery.ttf in Resources */ = {isa = PBXBuildFile; fileRef = B2F14D4420C3F2B2005DF168 /* Apple Chancery.ttf */; };
		B2F14D4720C3FA98005DF168 /* AdobeSongStd-Light.otf in Resources */ = {isa = PBXBuildFile; fileRef = B2F14D4520C3F936005DF168 /* AdobeSongStd-Light.otf */; };
		B2F14D4B20C44BCE005DF168 /* RZLoginViewController.m in Sources */ = {isa = PBXBuildFile; fileRef = B2F14D4A20C44BCE005DF168 /* RZLoginViewController.m */; };
		B2F14D4E20C44BEB005DF168 /* RZBaseNavigationController.m in Sources */ = {isa = PBXBuildFile; fileRef = B2F14D4D20C44BEB005DF168 /* RZBaseNavigationController.m */; };
		B2FFF03420E4798C008CD245 /* RZFoundationLog.m in Sources */ = {isa = PBXBuildFile; fileRef = B2FFF03320E4798C008CD245 /* RZFoundationLog.m */; };
		B2FFF04620E5446D008CD245 /* RZBaseViewController.m in Sources */ = {isa = PBXBuildFile; fileRef = B2FFF04520E5446D008CD245 /* RZBaseViewController.m */; };
		B2FFF04920E545EF008CD245 /* RZHotPotViewController.m in Sources */ = {isa = PBXBuildFile; fileRef = B2FFF04820E545EF008CD245 /* RZHotPotViewController.m */; };
		CF014582AE033216B9C2CB69 /* Pods_ReadZone.framework in Frameworks */ = {isa = PBXBuildFile; fileRef = 6E6EF69A853611B57CE6B977 /* Pods_ReadZone.framework */; };
/* End PBXBuildFile section */

/* Begin PBXFileReference section */
		4E4B76BB13017F3786959A5C /* Pods-ReadZone.release.xcconfig */ = {isa = PBXFileReference; includeInIndex = 1; lastKnownFileType = text.xcconfig; name = "Pods-ReadZone.release.xcconfig"; path = "Pods/Target Support Files/Pods-ReadZone/Pods-ReadZone.release.xcconfig"; sourceTree = "<group>"; };
		5F06572F2110A32E0081D6A9 /* RZUserModel.h */ = {isa = PBXFileReference; lastKnownFileType = sourcecode.c.h; path = RZUserModel.h; sourceTree = "<group>"; };
		5F0657302110A32E0081D6A9 /* RZUserModel.m */ = {isa = PBXFileReference; lastKnownFileType = sourcecode.c.objc; path = RZUserModel.m; sourceTree = "<group>"; };
		5F24824D2191311100AC07FD /* TIMServer.framework */ = {isa = PBXFileReference; lastKnownFileType = wrapper.framework; name = TIMServer.framework; path = "Build/Products/Debug-iphonesimulator/TIMServer.framework"; sourceTree = SOURCE_ROOT; };
		5F2CF71B2119E58600B85798 /* ReadZone-Bridging-Header.h */ = {isa = PBXFileReference; lastKnownFileType = sourcecode.c.h; path = "ReadZone-Bridging-Header.h"; sourceTree = "<group>"; };
		5F2CF71C2119E58700B85798 /* RZLoginTextField.swift */ = {isa = PBXFileReference; lastKnownFileType = sourcecode.swift; path = RZLoginTextField.swift; sourceTree = "<group>"; };
		5F2D8F73217FFA460045D8B6 /* asset */ = {isa = PBXFileReference; lastKnownFileType = folder; path = asset; sourceTree = "<group>"; };
		5F403D4B2101EFDA00050FEB /* zh-Hans */ = {isa = PBXFileReference; lastKnownFileType = text.plist.strings; name = "zh-Hans"; path = "zh-Hans.lproj/InfoPlist.strings"; sourceTree = "<group>"; };
		5F403D4D2101EFE500050FEB /* en */ = {isa = PBXFileReference; lastKnownFileType = text.plist.strings; name = en; path = en.lproj/InfoPlist.strings; sourceTree = "<group>"; };
		5F403D4E2101EFE700050FEB /* ja */ = {isa = PBXFileReference; lastKnownFileType = text.plist.strings; name = ja; path = ja.lproj/InfoPlist.strings; sourceTree = "<group>"; };
		5F403D4F2101F0A300050FEB /* zh-Hant */ = {isa = PBXFileReference; lastKnownFileType = text.plist.strings; name = "zh-Hant"; path = "zh-Hant.lproj/LaunchScreen.strings"; sourceTree = "<group>"; };
		5F403D502101F0A400050FEB /* zh-Hant */ = {isa = PBXFileReference; lastKnownFileType = text.plist.strings; name = "zh-Hant"; path = "zh-Hant.lproj/InfoPlist.strings"; sourceTree = "<group>"; };
		5F50FE66211036C500499F1E /* RZUserInfoModel.h */ = {isa = PBXFileReference; lastKnownFileType = sourcecode.c.h; path = RZUserInfoModel.h; sourceTree = "<group>"; };
		5F50FE67211036C500499F1E /* RZUserInfoModel.m */ = {isa = PBXFileReference; lastKnownFileType = sourcecode.c.objc; path = RZUserInfoModel.m; sourceTree = "<group>"; };
		5F50FE6921104A0E00499F1E /* RZBaseUtils.h */ = {isa = PBXFileReference; lastKnownFileType = sourcecode.c.h; path = RZBaseUtils.h; sourceTree = "<group>"; };
		5F50FE6A21104A0E00499F1E /* RZBaseUtils.m */ = {isa = PBXFileReference; lastKnownFileType = sourcecode.c.objc; path = RZBaseUtils.m; sourceTree = "<group>"; };
		5F50FE6C21104FC600499F1E /* RZUser.h */ = {isa = PBXFileReference; lastKnownFileType = sourcecode.c.h; path = RZUser.h; sourceTree = "<group>"; };
		5F50FE6D21104FC600499F1E /* RZUser.m */ = {isa = PBXFileReference; lastKnownFileType = sourcecode.c.objc; path = RZUser.m; sourceTree = "<group>"; };
		5F50FE712110698800499F1E /* RZAPIUser.h */ = {isa = PBXFileReference; lastKnownFileType = sourcecode.c.h; path = RZAPIUser.h; sourceTree = "<group>"; };
		5F50FE722110698800499F1E /* RZAPIUser.m */ = {isa = PBXFileReference; lastKnownFileType = sourcecode.c.objc; path = RZAPIUser.m; sourceTree = "<group>"; };
		5F5244B0217FFDCC00389CD7 /* RZWebKitManager.h */ = {isa = PBXFileReference; lastKnownFileType = sourcecode.c.h; path = RZWebKitManager.h; sourceTree = "<group>"; };
		5F5244B1217FFDCC00389CD7 /* RZWebKitManager.m */ = {isa = PBXFileReference; lastKnownFileType = sourcecode.c.objc; path = RZWebKitManager.m; sourceTree = "<group>"; };
		5F5244B3218007AD00389CD7 /* NSDictionary+RZ.h */ = {isa = PBXFileReference; lastKnownFileType = sourcecode.c.h; path = "NSDictionary+RZ.h"; sourceTree = "<group>"; };
		5F5244B4218007AD00389CD7 /* NSDictionary+RZ.m */ = {isa = PBXFileReference; lastKnownFileType = sourcecode.c.objc; path = "NSDictionary+RZ.m"; sourceTree = "<group>"; };
		5F5244C721801E5700389CD7 /* ImSDK.framework */ = {isa = PBXFileReference; lastKnownFileType = wrapper.framework; name = ImSDK.framework; path = ../Tencent_IM_Framework/ImSDK.framework; sourceTree = "<group>"; };
		5F5244D4218022BC00389CD7 /* CoreTelephony.framework */ = {isa = PBXFileReference; lastKnownFileType = wrapper.framework; name = CoreTelephony.framework; path = System/Library/Frameworks/CoreTelephony.framework; sourceTree = SDKROOT; };
		5F5244D6218022CB00389CD7 /* libc++.tbd */ = {isa = PBXFileReference; lastKnownFileType = "sourcecode.text-based-dylib-definition"; name = "libc++.tbd"; path = "usr/lib/libc++.tbd"; sourceTree = SDKROOT; };
		5F5244D8218022D600389CD7 /* libz.tbd */ = {isa = PBXFileReference; lastKnownFileType = "sourcecode.text-based-dylib-definition"; name = libz.tbd; path = usr/lib/libz.tbd; sourceTree = SDKROOT; };
		5F5244DA218022E200389CD7 /* libsqlite3.tbd */ = {isa = PBXFileReference; lastKnownFileType = "sourcecode.text-based-dylib-definition"; name = libsqlite3.tbd; path = usr/lib/libsqlite3.tbd; sourceTree = SDKROOT; };
		5F5245292182ECFC00389CD7 /* RZUserManager.h */ = {isa = PBXFileReference; lastKnownFileType = sourcecode.c.h; path = RZUserManager.h; sourceTree = "<group>"; };
		5F52452A2182ECFC00389CD7 /* RZUserManager.m */ = {isa = PBXFileReference; lastKnownFileType = sourcecode.c.objc; path = RZUserManager.m; sourceTree = "<group>"; };
		5F7012B020F58B1E00088216 /* RZAPI.h */ = {isa = PBXFileReference; lastKnownFileType = sourcecode.c.h; path = RZAPI.h; sourceTree = "<group>"; };
		5F7012B120F58B1E00088216 /* RZAPI.m */ = {isa = PBXFileReference; lastKnownFileType = sourcecode.c.objc; path = RZAPI.m; sourceTree = "<group>"; };
		5F7012B320F58DF300088216 /* RZAPIResponse.h */ = {isa = PBXFileReference; lastKnownFileType = sourcecode.c.h; path = RZAPIResponse.h; sourceTree = "<group>"; };
		5F7012B420F58DF300088216 /* RZAPIResponse.m */ = {isa = PBXFileReference; lastKnownFileType = sourcecode.c.objc; path = RZAPIResponse.m; sourceTree = "<group>"; };
		5F7012B620F58E0400088216 /* RZAPIError.h */ = {isa = PBXFileReference; lastKnownFileType = sourcecode.c.h; path = RZAPIError.h; sourceTree = "<group>"; };
		5F7012B720F58E0400088216 /* RZAPIError.m */ = {isa = PBXFileReference; lastKnownFileType = sourcecode.c.objc; path = RZAPIError.m; sourceTree = "<group>"; };
		5F7012B920F5D5D400088216 /* RZGlobal.h */ = {isa = PBXFileReference; lastKnownFileType = sourcecode.c.h; path = RZGlobal.h; sourceTree = "<group>"; };
		5F7012BA20F5D5D400088216 /* RZGlobal.m */ = {isa = PBXFileReference; lastKnownFileType = sourcecode.c.objc; path = RZGlobal.m; sourceTree = "<group>"; };
		5F7012BC20F5DC7C00088216 /* RZAPILogin.h */ = {isa = PBXFileReference; lastKnownFileType = sourcecode.c.h; path = RZAPILogin.h; sourceTree = "<group>"; };
		5F7012BD20F5DC7C00088216 /* RZAPILogin.m */ = {isa = PBXFileReference; lastKnownFileType = sourcecode.c.objc; path = RZAPILogin.m; sourceTree = "<group>"; };
		5F7012C020F5DE5400088216 /* RZDTOLogin.h */ = {isa = PBXFileReference; lastKnownFileType = sourcecode.c.h; path = RZDTOLogin.h; sourceTree = "<group>"; };
		5F7012C120F5DE5400088216 /* RZDTOLogin.m */ = {isa = PBXFileReference; lastKnownFileType = sourcecode.c.objc; path = RZDTOLogin.m; sourceTree = "<group>"; };
		5F7012CE20F6160100088216 /* RZRootViewController.h */ = {isa = PBXFileReference; lastKnownFileType = sourcecode.c.h; path = RZRootViewController.h; sourceTree = "<group>"; };
		5F7012CF20F6160100088216 /* RZRootViewController.m */ = {isa = PBXFileReference; lastKnownFileType = sourcecode.c.objc; path = RZRootViewController.m; sourceTree = "<group>"; };
		5F83FBBC2122F2E900FF9AD4 /* ReadZone-Bridging-Header.h */ = {isa = PBXFileReference; fileEncoding = 4; lastKnownFileType = sourcecode.c.h; path = "ReadZone-Bridging-Header.h"; sourceTree = "<group>"; };
		5F83FBBF2122F46700FF9AD4 /* RZLoginViewController.swift */ = {isa = PBXFileReference; lastKnownFileType = sourcecode.swift; path = RZLoginViewController.swift; sourceTree = "<group>"; };
		5F83FBC12122F50100FF9AD4 /* RZRegisterViewController.swift */ = {isa = PBXFileReference; lastKnownFileType = sourcecode.swift; path = RZRegisterViewController.swift; sourceTree = "<group>"; };
		5F8E387321848D2500205C9E /* RZAPITencent.h */ = {isa = PBXFileReference; lastKnownFileType = sourcecode.c.h; path = RZAPITencent.h; sourceTree = "<group>"; };
		5F8E387421848D2500205C9E /* RZAPITencent.m */ = {isa = PBXFileReference; lastKnownFileType = sourcecode.c.objc; path = RZAPITencent.m; sourceTree = "<group>"; };
		5F9147D42191872A00148AAA /* libresolv.tbd */ = {isa = PBXFileReference; lastKnownFileType = "sourcecode.text-based-dylib-definition"; name = libresolv.tbd; path = usr/lib/libresolv.tbd; sourceTree = SDKROOT; };
		5F9147D62191873200148AAA /* libiconv.tbd */ = {isa = PBXFileReference; lastKnownFileType = "sourcecode.text-based-dylib-definition"; name = libiconv.tbd; path = usr/lib/libiconv.tbd; sourceTree = SDKROOT; };
		5F9149242192867400148AAA /* ImSDK.framework */ = {isa = PBXFileReference; lastKnownFileType = wrapper.framework; name = ImSDK.framework; path = TIMServer/IMFrameworks/ImSDK.framework; sourceTree = "<group>"; };
		5F9149252192867400148AAA /* IMFriendshipExt.framework */ = {isa = PBXFileReference; lastKnownFileType = wrapper.framework; name = IMFriendshipExt.framework; path = TIMServer/IMFrameworks/IMFriendshipExt.framework; sourceTree = "<group>"; };
		5F9149262192867400148AAA /* TLSSDK.framework */ = {isa = PBXFileReference; lastKnownFileType = wrapper.framework; name = TLSSDK.framework; path = TIMServer/IMFrameworks/TLSSDK.framework; sourceTree = "<group>"; };
		5F9149272192867400148AAA /* IMMessageExt.framework */ = {isa = PBXFileReference; lastKnownFileType = wrapper.framework; name = IMMessageExt.framework; path = TIMServer/IMFrameworks/IMMessageExt.framework; sourceTree = "<group>"; };
		5F9149282192867400148AAA /* QALSDK.framework */ = {isa = PBXFileReference; lastKnownFileType = wrapper.framework; name = QALSDK.framework; path = TIMServer/IMFrameworks/QALSDK.framework; sourceTree = "<group>"; };
		5FA3BCFE20F6F31A00A1958A /* Assets.xcassets */ = {isa = PBXFileReference; lastKnownFileType = folder.assetcatalog; path = Assets.xcassets; sourceTree = "<group>"; };
		5FB40C38218B005700E464DE /* CategoryMarco.h */ = {isa = PBXFileReference; lastKnownFileType = sourcecode.c.h; path = CategoryMarco.h; sourceTree = "<group>"; };
		5FB6B92C20F4A91D00AEBCF0 /* ja */ = {isa = PBXFileReference; lastKnownFileType = text.plist.strings; name = ja; path = ja.lproj/LaunchScreen.strings; sourceTree = "<group>"; };
		5FB6B93120F4AA8D00AEBCF0 /* RZUserTextField.h */ = {isa = PBXFileReference; lastKnownFileType = sourcecode.c.h; path = RZUserTextField.h; sourceTree = "<group>"; };
		5FB6B93220F4AA8D00AEBCF0 /* RZUserTextField.m */ = {isa = PBXFileReference; lastKnownFileType = sourcecode.c.objc; path = RZUserTextField.m; sourceTree = "<group>"; };
		5FB6B93420F4B0B000AEBCF0 /* RZUserButton.h */ = {isa = PBXFileReference; lastKnownFileType = sourcecode.c.h; path = RZUserButton.h; sourceTree = "<group>"; };
		5FB6B93520F4B0B000AEBCF0 /* RZUserButton.m */ = {isa = PBXFileReference; lastKnownFileType = sourcecode.c.objc; path = RZUserButton.m; sourceTree = "<group>"; };
		5FBAEA20211333AD0002C2B5 /* QCMethod.h */ = {isa = PBXFileReference; lastKnownFileType = sourcecode.c.h; path = QCMethod.h; sourceTree = "<group>"; };
		5FBAEA21211333AD0002C2B5 /* QCMethod.m */ = {isa = PBXFileReference; lastKnownFileType = sourcecode.c.objc; path = QCMethod.m; sourceTree = "<group>"; };
		5FBAEA2521154C000002C2B5 /* RZAPIBase.h */ = {isa = PBXFileReference; lastKnownFileType = sourcecode.c.h; name = RZAPIBase.h; path = ReadZone/Network/RZAPIBase.h; sourceTree = SOURCE_ROOT; };
		5FBAEA2621154C000002C2B5 /* RZAPIBase.m */ = {isa = PBXFileReference; lastKnownFileType = sourcecode.c.objc; name = RZAPIBase.m; path = ReadZone/Network/RZAPIBase.m; sourceTree = SOURCE_ROOT; };
		5FBAEA2821154CD70002C2B5 /* RZAPIDefine.h */ = {isa = PBXFileReference; lastKnownFileType = sourcecode.c.h; path = RZAPIDefine.h; sourceTree = "<group>"; };
		5FBAEA2921154CD70002C2B5 /* RZAPIDefine.m */ = {isa = PBXFileReference; lastKnownFileType = sourcecode.c.objc; path = RZAPIDefine.m; sourceTree = "<group>"; };
		5FBAEA2B211556730002C2B5 /* RZAPIHomePage.h */ = {isa = PBXFileReference; lastKnownFileType = sourcecode.c.h; path = RZAPIHomePage.h; sourceTree = "<group>"; };
		5FBAEA2C211556730002C2B5 /* RZAPIHomePage.m */ = {isa = PBXFileReference; lastKnownFileType = sourcecode.c.objc; path = RZAPIHomePage.m; sourceTree = "<group>"; };
		5FBAEA2E211556E30002C2B5 /* RZHomePageModel.h */ = {isa = PBXFileReference; lastKnownFileType = sourcecode.c.h; path = RZHomePageModel.h; sourceTree = "<group>"; };
		5FBAEA2F211556E30002C2B5 /* RZHomePageModel.m */ = {isa = PBXFileReference; lastKnownFileType = sourcecode.c.objc; path = RZHomePageModel.m; sourceTree = "<group>"; };
		5FBF57FD20F72D7300CC15A2 /* RZMenuViewController.h */ = {isa = PBXFileReference; lastKnownFileType = sourcecode.c.h; path = RZMenuViewController.h; sourceTree = "<group>"; };
		5FBF57FE20F72D7300CC15A2 /* RZMenuViewController.m */ = {isa = PBXFileReference; lastKnownFileType = sourcecode.c.objc; path = RZMenuViewController.m; sourceTree = "<group>"; };
		5FBF580920F72E0000CC15A2 /* RZMenuManager.h */ = {isa = PBXFileReference; lastKnownFileType = sourcecode.c.h; path = RZMenuManager.h; sourceTree = "<group>"; };
		5FBF580A20F72E0000CC15A2 /* RZMenuManager.m */ = {isa = PBXFileReference; lastKnownFileType = sourcecode.c.objc; path = RZMenuManager.m; sourceTree = "<group>"; };
		5FBF587020F84A4D00CC15A2 /* RZMenuButton.h */ = {isa = PBXFileReference; lastKnownFileType = sourcecode.c.h; path = RZMenuButton.h; sourceTree = "<group>"; };
		5FBF587120F84A4D00CC15A2 /* RZMenuButton.m */ = {isa = PBXFileReference; lastKnownFileType = sourcecode.c.objc; path = RZMenuButton.m; sourceTree = "<group>"; };
		5FBF587720F87C3A00CC15A2 /* RZUserViewController.h */ = {isa = PBXFileReference; lastKnownFileType = sourcecode.c.h; path = RZUserViewController.h; sourceTree = "<group>"; };
		5FBF587820F87C3A00CC15A2 /* RZUserViewController.m */ = {isa = PBXFileReference; lastKnownFileType = sourcecode.c.objc; path = RZUserViewController.m; sourceTree = "<group>"; };
		5FBF587E20F8842700CC15A2 /* RZSettingViewController.h */ = {isa = PBXFileReference; lastKnownFileType = sourcecode.c.h; path = RZSettingViewController.h; sourceTree = "<group>"; };
		5FBF587F20F8842700CC15A2 /* RZSettingViewController.m */ = {isa = PBXFileReference; lastKnownFileType = sourcecode.c.objc; path = RZSettingViewController.m; sourceTree = "<group>"; };
		5FBF588120F8892900CC15A2 /* RZSettingCell.h */ = {isa = PBXFileReference; lastKnownFileType = sourcecode.c.h; path = RZSettingCell.h; sourceTree = "<group>"; };
		5FBF588220F8892900CC15A2 /* RZSettingCell.m */ = {isa = PBXFileReference; lastKnownFileType = sourcecode.c.objc; path = RZSettingCell.m; sourceTree = "<group>"; };
		5FBF588720F8BAF800CC15A2 /* RZAboutViewController.h */ = {isa = PBXFileReference; lastKnownFileType = sourcecode.c.h; path = RZAboutViewController.h; sourceTree = "<group>"; };
		5FBF588820F8BAF800CC15A2 /* RZAboutViewController.m */ = {isa = PBXFileReference; lastKnownFileType = sourcecode.c.objc; path = RZAboutViewController.m; sourceTree = "<group>"; };
		5FC4EA1F21899DDE007A487E /* TIMServerLocalizable.bundle */ = {isa = PBXFileReference; lastKnownFileType = "wrapper.plug-in"; path = TIMServerLocalizable.bundle; sourceTree = "<group>"; };
		5FD82CC2217E26BE00D1779A /* RZBaseWebKitController.h */ = {isa = PBXFileReference; lastKnownFileType = sourcecode.c.h; path = RZBaseWebKitController.h; sourceTree = "<group>"; };
		5FD82CC3217E26BE00D1779A /* RZBaseWebKitController.m */ = {isa = PBXFileReference; lastKnownFileType = sourcecode.c.objc; path = RZBaseWebKitController.m; sourceTree = "<group>"; };
		5FD82CCB217E27A200D1779A /* RZWebServerManager.h */ = {isa = PBXFileReference; lastKnownFileType = sourcecode.c.h; path = RZWebServerManager.h; sourceTree = "<group>"; };
		5FD82CCC217E27A200D1779A /* RZWebServerManager.m */ = {isa = PBXFileReference; lastKnownFileType = sourcecode.c.objc; path = RZWebServerManager.m; sourceTree = "<group>"; };
		5FD82CCF217E2CD900D1779A /* RZConfig.h */ = {isa = PBXFileReference; lastKnownFileType = sourcecode.c.h; path = RZConfig.h; sourceTree = "<group>"; };
		5FD82CD0217E2EFB00D1779A /* RZDevelopViewController.h */ = {isa = PBXFileReference; lastKnownFileType = sourcecode.c.h; path = RZDevelopViewController.h; sourceTree = "<group>"; };
		5FD82CD1217E2EFB00D1779A /* RZDevelopViewController.m */ = {isa = PBXFileReference; lastKnownFileType = sourcecode.c.objc; path = RZDevelopViewController.m; sourceTree = "<group>"; };
		5FEDA52021882F5800667A8A /* TIMServer.bundle */ = {isa = PBXFileReference; lastKnownFileType = "wrapper.plug-in"; path = TIMServer.bundle; sourceTree = "<group>"; };
		6072E7B21A7AF8BDE17F5D2F /* Pods_ReadZoneUITests.framework */ = {isa = PBXFileReference; explicitFileType = wrapper.framework; includeInIndex = 0; path = Pods_ReadZoneUITests.framework; sourceTree = BUILT_PRODUCTS_DIR; };
		6E6EF69A853611B57CE6B977 /* Pods_ReadZone.framework */ = {isa = PBXFileReference; explicitFileType = wrapper.framework; includeInIndex = 0; path = Pods_ReadZone.framework; sourceTree = BUILT_PRODUCTS_DIR; };
		B05D0AEB4686FF3CA87D576B /* Pods-ReadZone.debug.xcconfig */ = {isa = PBXFileReference; includeInIndex = 1; lastKnownFileType = text.xcconfig; name = "Pods-ReadZone.debug.xcconfig"; path = "Pods/Target Support Files/Pods-ReadZone/Pods-ReadZone.debug.xcconfig"; sourceTree = "<group>"; };
		B2003A9B20D41D9000AEA413 /* libTelephonyIOKitDynamic.tbd */ = {isa = PBXFileReference; lastKnownFileType = "sourcecode.text-based-dylib-definition"; name = libTelephonyIOKitDynamic.tbd; path = usr/lib/libTelephonyIOKitDynamic.tbd; sourceTree = SDKROOT; };
		B2003AA020D4890F00AEA413 /* Foundation.framework */ = {isa = PBXFileReference; lastKnownFileType = wrapper.framework; name = Foundation.framework; path = System/Library/Frameworks/Foundation.framework; sourceTree = SDKROOT; };
		B2003AA220D4891800AEA413 /* UIKit.framework */ = {isa = PBXFileReference; lastKnownFileType = wrapper.framework; name = UIKit.framework; path = System/Library/Frameworks/UIKit.framework; sourceTree = SDKROOT; };
		B2003AA420D4892C00AEA413 /* SystemConfiguration.framework */ = {isa = PBXFileReference; lastKnownFileType = wrapper.framework; name = SystemConfiguration.framework; path = System/Library/Frameworks/SystemConfiguration.framework; sourceTree = SDKROOT; };
		B2003AA620D4893D00AEA413 /* CoreGraphics.framework */ = {isa = PBXFileReference; lastKnownFileType = wrapper.framework; name = CoreGraphics.framework; path = System/Library/Frameworks/CoreGraphics.framework; sourceTree = SDKROOT; };
		B2003AAE20D4B6A600AEA413 /* CoreNFC.framework */ = {isa = PBXFileReference; lastKnownFileType = wrapper.framework; name = CoreNFC.framework; path = System/Library/Frameworks/CoreNFC.framework; sourceTree = SDKROOT; };
		B2003AB020D4BEF000AEA413 /* ReadZone.entitlements */ = {isa = PBXFileReference; lastKnownFileType = text.plist.entitlements; path = ReadZone.entitlements; sourceTree = "<group>"; };
		B20AC21420EBC9DB008043C7 /* NSString+RZ.h */ = {isa = PBXFileReference; lastKnownFileType = sourcecode.c.h; path = "NSString+RZ.h"; sourceTree = "<group>"; };
		B20AC21520EBC9DB008043C7 /* NSString+RZ.m */ = {isa = PBXFileReference; lastKnownFileType = sourcecode.c.objc; path = "NSString+RZ.m"; sourceTree = "<group>"; };
		B2509DB820F0ED10009B5F5F /* RZRegisterViewController.h */ = {isa = PBXFileReference; lastKnownFileType = sourcecode.c.h; path = RZRegisterViewController.h; sourceTree = "<group>"; };
		B2509DB920F0ED10009B5F5F /* RZRegisterViewController.m */ = {isa = PBXFileReference; lastKnownFileType = sourcecode.c.objc; path = RZRegisterViewController.m; sourceTree = "<group>"; };
		B2D2184520F1F64300331F4C /* RZPrefixHeader.pch */ = {isa = PBXFileReference; lastKnownFileType = sourcecode.c.h; path = RZPrefixHeader.pch; sourceTree = "<group>"; };
		B2D2184920F1FD1100331F4C /* UIColor+RZ.h */ = {isa = PBXFileReference; lastKnownFileType = sourcecode.c.h; path = "UIColor+RZ.h"; sourceTree = "<group>"; };
		B2D2184A20F1FD1100331F4C /* UIColor+RZ.m */ = {isa = PBXFileReference; lastKnownFileType = sourcecode.c.objc; path = "UIColor+RZ.m"; sourceTree = "<group>"; };
		B2D2185020F2061800331F4C /* RZNavBarItem.h */ = {isa = PBXFileReference; lastKnownFileType = sourcecode.c.h; path = RZNavBarItem.h; sourceTree = "<group>"; };
		B2D2185120F2061800331F4C /* RZNavBarItem.m */ = {isa = PBXFileReference; lastKnownFileType = sourcecode.c.objc; path = RZNavBarItem.m; sourceTree = "<group>"; };
		B2D2185320F207DA00331F4C /* UIImage+RZ.h */ = {isa = PBXFileReference; lastKnownFileType = sourcecode.c.h; path = "UIImage+RZ.h"; sourceTree = "<group>"; };
		B2D2185420F207DA00331F4C /* UIImage+RZ.m */ = {isa = PBXFileReference; lastKnownFileType = sourcecode.c.objc; path = "UIImage+RZ.m"; sourceTree = "<group>"; };
		B2D2185720F20CFA00331F4C /* RZUtils.h */ = {isa = PBXFileReference; lastKnownFileType = sourcecode.c.h; path = RZUtils.h; sourceTree = "<group>"; };
		B2D2185820F2108E00331F4C /* RZNavBar.h */ = {isa = PBXFileReference; lastKnownFileType = sourcecode.c.h; path = RZNavBar.h; sourceTree = "<group>"; };
		B2D2185920F2108E00331F4C /* RZNavBar.m */ = {isa = PBXFileReference; lastKnownFileType = sourcecode.c.objc; path = RZNavBar.m; sourceTree = "<group>"; };
		B2D2185B20F2132500331F4C /* RZDefine.h */ = {isa = PBXFileReference; lastKnownFileType = sourcecode.c.h; path = RZDefine.h; sourceTree = "<group>"; };
		B2D2185D20F3A6CB00331F4C /* RZLoginTextField.h */ = {isa = PBXFileReference; lastKnownFileType = sourcecode.c.h; path = RZLoginTextField.h; sourceTree = "<group>"; };
		B2D2185E20F3A6CB00331F4C /* RZLoginTextField.m */ = {isa = PBXFileReference; lastKnownFileType = sourcecode.c.objc; path = RZLoginTextField.m; sourceTree = "<group>"; };
		B2D2186120F3B18A00331F4C /* RZInternalUtility.h */ = {isa = PBXFileReference; lastKnownFileType = sourcecode.c.h; path = RZInternalUtility.h; sourceTree = "<group>"; };
		B2D2186220F3B18A00331F4C /* RZInternalUtility.m */ = {isa = PBXFileReference; lastKnownFileType = sourcecode.c.objc; path = RZInternalUtility.m; sourceTree = "<group>"; };
		B2D2187120F3B97600331F4C /* RZInternalStrings.bundle */ = {isa = PBXFileReference; lastKnownFileType = "wrapper.plug-in"; path = RZInternalStrings.bundle; sourceTree = "<group>"; };
		B2D2187320F3CA9900331F4C /* zh-Hans */ = {isa = PBXFileReference; lastKnownFileType = text.plist.strings; name = "zh-Hans"; path = "zh-Hans.lproj/LaunchScreen.strings"; sourceTree = "<group>"; };
		B2D2187420F510C900331F4C /* NSAttributedString+RZ.h */ = {isa = PBXFileReference; lastKnownFileType = sourcecode.c.h; path = "NSAttributedString+RZ.h"; sourceTree = "<group>"; };
		B2D2187520F510C900331F4C /* NSAttributedString+RZ.m */ = {isa = PBXFileReference; lastKnownFileType = sourcecode.c.objc; path = "NSAttributedString+RZ.m"; sourceTree = "<group>"; };
		B2D2187920F7A05E00331F4C /* RZHotPotView.h */ = {isa = PBXFileReference; lastKnownFileType = sourcecode.c.h; path = RZHotPotView.h; sourceTree = "<group>"; };
		B2D2187A20F7A05E00331F4C /* RZHotPotView.m */ = {isa = PBXFileReference; lastKnownFileType = sourcecode.c.objc; path = RZHotPotView.m; sourceTree = "<group>"; };
		B2D2187E20F7A0A900331F4C /* RZHotPotModel.h */ = {isa = PBXFileReference; lastKnownFileType = sourcecode.c.h; path = RZHotPotModel.h; sourceTree = "<group>"; };
		B2D2187F20F7A0A900331F4C /* RZHotPotModel.m */ = {isa = PBXFileReference; lastKnownFileType = sourcecode.c.objc; path = RZHotPotModel.m; sourceTree = "<group>"; };
		B2D2188120FAEF4B00331F4C /* Student.m */ = {isa = PBXFileReference; fileEncoding = 4; lastKnownFileType = sourcecode.c.objc; path = Student.m; sourceTree = "<group>"; };
		B2D2188220FAEF4B00331F4C /* Student.h */ = {isa = PBXFileReference; fileEncoding = 4; lastKnownFileType = sourcecode.c.h; path = Student.h; sourceTree = "<group>"; };
		B2D2188B20FB1F5A00331F4C /* RZLoginManager.h */ = {isa = PBXFileReference; lastKnownFileType = sourcecode.c.h; path = RZLoginManager.h; sourceTree = "<group>"; };
		B2D2188C20FB1F5A00331F4C /* RZLoginManager.m */ = {isa = PBXFileReference; lastKnownFileType = sourcecode.c.objc; path = RZLoginManager.m; sourceTree = "<group>"; };
		B2F14D0D20C3EE7F005DF168 /* ReadZone.app */ = {isa = PBXFileReference; explicitFileType = wrapper.application; includeInIndex = 0; path = ReadZone.app; sourceTree = BUILT_PRODUCTS_DIR; };
		B2F14D1020C3EE7F005DF168 /* AppDelegate.h */ = {isa = PBXFileReference; lastKnownFileType = sourcecode.c.h; path = AppDelegate.h; sourceTree = "<group>"; };
		B2F14D1120C3EE7F005DF168 /* AppDelegate.m */ = {isa = PBXFileReference; lastKnownFileType = sourcecode.c.objc; path = AppDelegate.m; sourceTree = "<group>"; };
		B2F14D1C20C3EE81005DF168 /* Base */ = {isa = PBXFileReference; lastKnownFileType = file.storyboard; name = Base; path = Base.lproj/LaunchScreen.storyboard; sourceTree = "<group>"; };
		B2F14D1E20C3EE81005DF168 /* Info.plist */ = {isa = PBXFileReference; lastKnownFileType = text.plist.xml; path = Info.plist; sourceTree = "<group>"; };
		B2F14D1F20C3EE81005DF168 /* main.m */ = {isa = PBXFileReference; lastKnownFileType = sourcecode.c.objc; path = main.m; sourceTree = "<group>"; };
		B2F14D2920C3EE81005DF168 /* ReadZoneTests.m */ = {isa = PBXFileReference; lastKnownFileType = sourcecode.c.objc; path = ReadZoneTests.m; sourceTree = "<group>"; };
		B2F14D2B20C3EE81005DF168 /* Info.plist */ = {isa = PBXFileReference; lastKnownFileType = text.plist.xml; path = Info.plist; sourceTree = "<group>"; };
		B2F14D3420C3EE81005DF168 /* ReadZoneUITests.m */ = {isa = PBXFileReference; lastKnownFileType = sourcecode.c.objc; path = ReadZoneUITests.m; sourceTree = "<group>"; };
		B2F14D3620C3EE81005DF168 /* Info.plist */ = {isa = PBXFileReference; lastKnownFileType = text.plist.xml; path = Info.plist; sourceTree = "<group>"; };
		B2F14D4420C3F2B2005DF168 /* Apple Chancery.ttf */ = {isa = PBXFileReference; lastKnownFileType = file; path = "Apple Chancery.ttf"; sourceTree = "<group>"; };
		B2F14D4520C3F936005DF168 /* AdobeSongStd-Light.otf */ = {isa = PBXFileReference; lastKnownFileType = file; path = "AdobeSongStd-Light.otf"; sourceTree = "<group>"; };
		B2F14D4920C44BCE005DF168 /* RZLoginViewController.h */ = {isa = PBXFileReference; lastKnownFileType = sourcecode.c.h; path = RZLoginViewController.h; sourceTree = "<group>"; };
		B2F14D4A20C44BCE005DF168 /* RZLoginViewController.m */ = {isa = PBXFileReference; lastKnownFileType = sourcecode.c.objc; path = RZLoginViewController.m; sourceTree = "<group>"; };
		B2F14D4C20C44BEB005DF168 /* RZBaseNavigationController.h */ = {isa = PBXFileReference; lastKnownFileType = sourcecode.c.h; path = RZBaseNavigationController.h; sourceTree = "<group>"; };
		B2F14D4D20C44BEB005DF168 /* RZBaseNavigationController.m */ = {isa = PBXFileReference; lastKnownFileType = sourcecode.c.objc; path = RZBaseNavigationController.m; sourceTree = "<group>"; };
		B2FFF03320E4798C008CD245 /* RZFoundationLog.m */ = {isa = PBXFileReference; fileEncoding = 4; lastKnownFileType = sourcecode.c.objc; path = RZFoundationLog.m; sourceTree = "<group>"; };
		B2FFF04420E5446D008CD245 /* RZBaseViewController.h */ = {isa = PBXFileReference; lastKnownFileType = sourcecode.c.h; path = RZBaseViewController.h; sourceTree = "<group>"; };
		B2FFF04520E5446D008CD245 /* RZBaseViewController.m */ = {isa = PBXFileReference; lastKnownFileType = sourcecode.c.objc; path = RZBaseViewController.m; sourceTree = "<group>"; };
		B2FFF04720E545EF008CD245 /* RZHotPotViewController.h */ = {isa = PBXFileReference; lastKnownFileType = sourcecode.c.h; path = RZHotPotViewController.h; sourceTree = "<group>"; };
		B2FFF04820E545EF008CD245 /* RZHotPotViewController.m */ = {isa = PBXFileReference; lastKnownFileType = sourcecode.c.objc; path = RZHotPotViewController.m; sourceTree = "<group>"; };
		EF0CF6F149EFC287D7D5CACD /* Pods_ReadZoneTests.framework */ = {isa = PBXFileReference; explicitFileType = wrapper.framework; includeInIndex = 0; path = Pods_ReadZoneTests.framework; sourceTree = BUILT_PRODUCTS_DIR; };
/* End PBXFileReference section */

/* Begin PBXFrameworksBuildPhase section */
		B2F14D0A20C3EE7F005DF168 /* Frameworks */ = {
			isa = PBXFrameworksBuildPhase;
			buildActionMask = 2147483647;
			files = (
				5F91492F2192885D00148AAA /* SystemConfiguration.framework in Frameworks */,
				5F91492E2192885700148AAA /* CoreTelephony.framework in Frameworks */,
				5F9149292192867500148AAA /* ImSDK.framework in Frameworks */,
				5F91492A2192867500148AAA /* IMFriendshipExt.framework in Frameworks */,
				5F91492B2192867500148AAA /* TLSSDK.framework in Frameworks */,
				5F91492C2192867500148AAA /* IMMessageExt.framework in Frameworks */,
				5F91492D2192867500148AAA /* QALSDK.framework in Frameworks */,
				5F5244DB218022E200389CD7 /* libsqlite3.tbd in Frameworks */,
				5F5244D9218022D600389CD7 /* libz.tbd in Frameworks */,
				5F5244D7218022CB00389CD7 /* libc++.tbd in Frameworks */,
				CF014582AE033216B9C2CB69 /* Pods_ReadZone.framework in Frameworks */,
				5F24824E2191311100AC07FD /* TIMServer.framework in Frameworks */,
			);
			runOnlyForDeploymentPostprocessing = 0;
		};
/* End PBXFrameworksBuildPhase section */

/* Begin PBXGroup section */
		36D10E96F56458F6D20FF76F /* Pods */ = {
			isa = PBXGroup;
			children = (
				B05D0AEB4686FF3CA87D576B /* Pods-ReadZone.debug.xcconfig */,
				4E4B76BB13017F3786959A5C /* Pods-ReadZone.release.xcconfig */,
			);
			name = Pods;
			sourceTree = "<group>";
		};
		5F06572E2110A3160081D6A9 /* Model */ = {
			isa = PBXGroup;
			children = (
				5F06572F2110A32E0081D6A9 /* RZUserModel.h */,
				5F0657302110A32E0081D6A9 /* RZUserModel.m */,
			);
			path = Model;
			sourceTree = "<group>";
		};
		5F50FE652110369100499F1E /* Model */ = {
			isa = PBXGroup;
			children = (
				5F50FE66211036C500499F1E /* RZUserInfoModel.h */,
				5F50FE67211036C500499F1E /* RZUserInfoModel.m */,
			);
			path = Model;
			sourceTree = "<group>";
		};
		5F5245272182ECBF00389CD7 /* User */ = {
			isa = PBXGroup;
			children = (
				5F5245292182ECFC00389CD7 /* RZUserManager.h */,
				5F52452A2182ECFC00389CD7 /* RZUserManager.m */,
			);
			path = User;
			sourceTree = "<group>";
		};
		5F7012AF20F58AFE00088216 /* Core */ = {
			isa = PBXGroup;
			children = (
				5F7012B020F58B1E00088216 /* RZAPI.h */,
				5F7012B120F58B1E00088216 /* RZAPI.m */,
				5F7012B320F58DF300088216 /* RZAPIResponse.h */,
				5F7012B420F58DF300088216 /* RZAPIResponse.m */,
				5F7012B620F58E0400088216 /* RZAPIError.h */,
				5F7012B720F58E0400088216 /* RZAPIError.m */,
			);
			path = Core;
			sourceTree = "<group>";
		};
		5F7012CC20F6159100088216 /* Root */ = {
			isa = PBXGroup;
			children = (
				B2D2187D20F7A09200331F4C /* Manager */,
				B2D2187C20F7A06B00331F4C /* Model */,
				B2D2187820F7A03700331F4C /* View */,
				B2D2187720F7A02E00331F4C /* Controller */,
			);
			path = Root;
			sourceTree = "<group>";
		};
		5F8E387221848D0400205C9E /* TencentIM */ = {
			isa = PBXGroup;
			children = (
				5F8E387321848D2500205C9E /* RZAPITencent.h */,
				5F8E387421848D2500205C9E /* RZAPITencent.m */,
			);
			path = TencentIM;
			sourceTree = "<group>";
		};
		5FB130ED2122E1AE00A9288F /* SwiftModule */ = {
			isa = PBXGroup;
			children = (
				5F83FBBC2122F2E900FF9AD4 /* ReadZone-Bridging-Header.h */,
			);
			path = SwiftModule;
			sourceTree = "<group>";
		};
		5FB6B92E20F4AA6100AEBCF0 /* Controller */ = {
			isa = PBXGroup;
			children = (
				B2F14D4920C44BCE005DF168 /* RZLoginViewController.h */,
				B2F14D4A20C44BCE005DF168 /* RZLoginViewController.m */,
				B2509DB820F0ED10009B5F5F /* RZRegisterViewController.h */,
				B2509DB920F0ED10009B5F5F /* RZRegisterViewController.m */,
				5F83FBBF2122F46700FF9AD4 /* RZLoginViewController.swift */,
				5F83FBC12122F50100FF9AD4 /* RZRegisterViewController.swift */,
			);
			path = Controller;
			sourceTree = "<group>";
		};
		5FB6B92F20F4AA6500AEBCF0 /* View */ = {
			isa = PBXGroup;
			children = (
				5FB6B93120F4AA8D00AEBCF0 /* RZUserTextField.h */,
				5FB6B93220F4AA8D00AEBCF0 /* RZUserTextField.m */,
				5FB6B93420F4B0B000AEBCF0 /* RZUserButton.h */,
				5FB6B93520F4B0B000AEBCF0 /* RZUserButton.m */,
				5F2CF71C2119E58700B85798 /* RZLoginTextField.swift */,
				5F2CF71B2119E58600B85798 /* ReadZone-Bridging-Header.h */,
			);
			path = View;
			sourceTree = "<group>";
		};
		5FB6B93020F4AA6B00AEBCF0 /* Model */ = {
			isa = PBXGroup;
			children = (
				5F7012BC20F5DC7C00088216 /* RZAPILogin.h */,
				5F7012BD20F5DC7C00088216 /* RZAPILogin.m */,
				5F7012C020F5DE5400088216 /* RZDTOLogin.h */,
				5F7012C120F5DE5400088216 /* RZDTOLogin.m */,
			);
			path = Model;
			sourceTree = "<group>";
		};
		5FBAEA1F211333880002C2B5 /* Animation */ = {
			isa = PBXGroup;
			children = (
				5FBAEA20211333AD0002C2B5 /* QCMethod.h */,
				5FBAEA21211333AD0002C2B5 /* QCMethod.m */,
			);
			path = Animation;
			sourceTree = "<group>";
		};
		5FBF57F920F72CC000CC15A2 /* Menu */ = {
			isa = PBXGroup;
			children = (
				5FBF57FC20F72CD300CC15A2 /* Manager */,
				5FBF57FB20F72CCD00CC15A2 /* View */,
				5FBF57FA20F72CC500CC15A2 /* Controller */,
			);
			path = Menu;
			sourceTree = "<group>";
		};
		5FBF57FA20F72CC500CC15A2 /* Controller */ = {
			isa = PBXGroup;
			children = (
				5FBF57FD20F72D7300CC15A2 /* RZMenuViewController.h */,
				5FBF57FE20F72D7300CC15A2 /* RZMenuViewController.m */,
			);
			path = Controller;
			sourceTree = "<group>";
		};
		5FBF57FB20F72CCD00CC15A2 /* View */ = {
			isa = PBXGroup;
			children = (
				5FBF587020F84A4D00CC15A2 /* RZMenuButton.h */,
				5FBF587120F84A4D00CC15A2 /* RZMenuButton.m */,
			);
			path = View;
			sourceTree = "<group>";
		};
		5FBF57FC20F72CD300CC15A2 /* Manager */ = {
			isa = PBXGroup;
			children = (
				5FBF580920F72E0000CC15A2 /* RZMenuManager.h */,
				5FBF580A20F72E0000CC15A2 /* RZMenuManager.m */,
			);
			path = Manager;
			sourceTree = "<group>";
		};
		5FBF587320F87BEB00CC15A2 /* User */ = {
			isa = PBXGroup;
			children = (
				5FBF587620F87BF900CC15A2 /* Manage */,
				5F06572E2110A3160081D6A9 /* Model */,
				5FBF587520F87BF500CC15A2 /* View */,
				5FBF587420F87BF000CC15A2 /* Controller */,
			);
			path = User;
			sourceTree = "<group>";
		};
		5FBF587420F87BF000CC15A2 /* Controller */ = {
			isa = PBXGroup;
			children = (
				5FBF587720F87C3A00CC15A2 /* RZUserViewController.h */,
				5FBF587820F87C3A00CC15A2 /* RZUserViewController.m */,
			);
			path = Controller;
			sourceTree = "<group>";
		};
		5FBF587520F87BF500CC15A2 /* View */ = {
			isa = PBXGroup;
			children = (
			);
			path = View;
			sourceTree = "<group>";
		};
		5FBF587620F87BF900CC15A2 /* Manage */ = {
			isa = PBXGroup;
			children = (
			);
			path = Manage;
			sourceTree = "<group>";
		};
		5FBF587A20F8840C00CC15A2 /* Settings */ = {
			isa = PBXGroup;
			children = (
				5FBF587D20F8841A00CC15A2 /* Manager */,
				5FBF587C20F8841700CC15A2 /* View */,
				5FBF587B20F8841200CC15A2 /* Controller */,
			);
			path = Settings;
			sourceTree = "<group>";
		};
		5FBF587B20F8841200CC15A2 /* Controller */ = {
			isa = PBXGroup;
			children = (
				5FBF587E20F8842700CC15A2 /* RZSettingViewController.h */,
				5FBF587F20F8842700CC15A2 /* RZSettingViewController.m */,
				5FD82CD0217E2EFB00D1779A /* RZDevelopViewController.h */,
				5FD82CD1217E2EFB00D1779A /* RZDevelopViewController.m */,
				5FBF588720F8BAF800CC15A2 /* RZAboutViewController.h */,
				5FBF588820F8BAF800CC15A2 /* RZAboutViewController.m */,
			);
			path = Controller;
			sourceTree = "<group>";
		};
		5FBF587C20F8841700CC15A2 /* View */ = {
			isa = PBXGroup;
			children = (
				5FBF588120F8892900CC15A2 /* RZSettingCell.h */,
				5FBF588220F8892900CC15A2 /* RZSettingCell.m */,
			);
			path = View;
			sourceTree = "<group>";
		};
		5FBF587D20F8841A00CC15A2 /* Manager */ = {
			isa = PBXGroup;
			children = (
			);
			path = Manager;
			sourceTree = "<group>";
		};
		5FC4EA2121899E28007A487E /* TIMServer */ = {
			isa = PBXGroup;
			children = (
				5F24824D2191311100AC07FD /* TIMServer.framework */,
				5FC4EA1F21899DDE007A487E /* TIMServerLocalizable.bundle */,
				5FEDA52021882F5800667A8A /* TIMServer.bundle */,
			);
			path = TIMServer;
			sourceTree = "<group>";
		};
		5FD82CBF217E267F00D1779A /* WebKit */ = {
			isa = PBXGroup;
			children = (
				5F2D8F73217FFA460045D8B6 /* asset */,
				5FD82CC0217E269100D1779A /* Manager */,
				5FD82CC1217E269900D1779A /* Controller */,
			);
			path = WebKit;
			sourceTree = "<group>";
		};
		5FD82CC0217E269100D1779A /* Manager */ = {
			isa = PBXGroup;
			children = (
				5FD82CCB217E27A200D1779A /* RZWebServerManager.h */,
				5FD82CCC217E27A200D1779A /* RZWebServerManager.m */,
				5F5244B0217FFDCC00389CD7 /* RZWebKitManager.h */,
				5F5244B1217FFDCC00389CD7 /* RZWebKitManager.m */,
			);
			path = Manager;
			sourceTree = "<group>";
		};
		5FD82CC1217E269900D1779A /* Controller */ = {
			isa = PBXGroup;
			children = (
				5FD82CC2217E26BE00D1779A /* RZBaseWebKitController.h */,
				5FD82CC3217E26BE00D1779A /* RZBaseWebKitController.m */,
			);
			path = Controller;
			sourceTree = "<group>";
		};
		5FD82CD3217F6F3400D1779A /* Alert */ = {
			isa = PBXGroup;
			children = (
			);
			path = Alert;
			sourceTree = "<group>";
		};
		5FEDA51B21882E2A00667A8A /* Vendor */ = {
			isa = PBXGroup;
			children = (
				5FC4EA2121899E28007A487E /* TIMServer */,
			);
			path = Vendor;
			sourceTree = "<group>";
		};
		B2003A8C20D41A1900AEA413 /* Frameworks */ = {
			isa = PBXGroup;
			children = (
				5F9149252192867400148AAA /* IMFriendshipExt.framework */,
				5F9149272192867400148AAA /* IMMessageExt.framework */,
				5F9149242192867400148AAA /* ImSDK.framework */,
				5F9149282192867400148AAA /* QALSDK.framework */,
				5F9149262192867400148AAA /* TLSSDK.framework */,
				5F9147D62191873200148AAA /* libiconv.tbd */,
				5F9147D42191872A00148AAA /* libresolv.tbd */,
				5F5244DA218022E200389CD7 /* libsqlite3.tbd */,
				5F5244D8218022D600389CD7 /* libz.tbd */,
				5F5244D6218022CB00389CD7 /* libc++.tbd */,
				B2003A9B20D41D9000AEA413 /* libTelephonyIOKitDynamic.tbd */,
				5F5244D4218022BC00389CD7 /* CoreTelephony.framework */,
				5F5244C721801E5700389CD7 /* ImSDK.framework */,
				B2003AAE20D4B6A600AEA413 /* CoreNFC.framework */,
				B2003AA620D4893D00AEA413 /* CoreGraphics.framework */,
				B2003AA420D4892C00AEA413 /* SystemConfiguration.framework */,
				B2003AA220D4891800AEA413 /* UIKit.framework */,
				B2003AA020D4890F00AEA413 /* Foundation.framework */,
				EF0CF6F149EFC287D7D5CACD /* Pods_ReadZoneTests.framework */,
				6072E7B21A7AF8BDE17F5D2F /* Pods_ReadZoneUITests.framework */,
				6E6EF69A853611B57CE6B977 /* Pods_ReadZone.framework */,
			);
			name = Frameworks;
			sourceTree = "<group>";
		};
		B2BF657A20D75B08003059AE /* General */ = {
			isa = PBXGroup;
			children = (
				B2D2186020F3B13F00331F4C /* Helper */,
				B2D2185620F20CE200331F4C /* Marco */,
				B2D2184E20F2058200331F4C /* Component */,
				B2D2184D20F2057200331F4C /* Base */,
				B2D2184C20F2056500331F4C /* Category */,
			);
			path = General;
			sourceTree = "<group>";
		};
		B2BF657B20D75B11003059AE /* Section */ = {
			isa = PBXGroup;
			children = (
				5FBF587A20F8840C00CC15A2 /* Settings */,
				5FBF587320F87BEB00CC15A2 /* User */,
				5FBF57F920F72CC000CC15A2 /* Menu */,
				5F7012CC20F6159100088216 /* Root */,
				B2BF658120D75B76003059AE /* HotPot */,
				B2BF658220D75DCF003059AE /* Books */,
				B2BF658320D75DDF003059AE /* Library */,
				B2BF658020D75B6C003059AE /* Login */,
			);
			path = Section;
			sourceTree = "<group>";
		};
		B2BF657D20D75B37003059AE /* Global */ = {
			isa = PBXGroup;
			children = (
				5F5245272182ECBF00389CD7 /* User */,
				5FD82CD3217F6F3400D1779A /* Alert */,
				5FD82CBF217E267F00D1779A /* WebKit */,
				5FB130ED2122E1AE00A9288F /* SwiftModule */,
				5FBAEA1F211333880002C2B5 /* Animation */,
				5F50FE652110369100499F1E /* Model */,
				B2BF657F20D75B57003059AE /* Controller */,
				5F7012B920F5D5D400088216 /* RZGlobal.h */,
				5F7012BA20F5D5D400088216 /* RZGlobal.m */,
				5F50FE6C21104FC600499F1E /* RZUser.h */,
				5F50FE6D21104FC600499F1E /* RZUser.m */,
			);
			path = Global;
			sourceTree = "<group>";
		};
		B2BF657E20D75B42003059AE /* Network */ = {
			isa = PBXGroup;
			children = (
				5F8E387221848D0400205C9E /* TencentIM */,
				5F7012AF20F58AFE00088216 /* Core */,
				5FBAEA2521154C000002C2B5 /* RZAPIBase.h */,
				5FBAEA2621154C000002C2B5 /* RZAPIBase.m */,
				5FBAEA2B211556730002C2B5 /* RZAPIHomePage.h */,
				5FBAEA2C211556730002C2B5 /* RZAPIHomePage.m */,
				5F50FE712110698800499F1E /* RZAPIUser.h */,
				5F50FE722110698800499F1E /* RZAPIUser.m */,
				5FBAEA2821154CD70002C2B5 /* RZAPIDefine.h */,
				5FBAEA2921154CD70002C2B5 /* RZAPIDefine.m */,
			);
			path = Network;
			sourceTree = "<group>";
		};
		B2BF657F20D75B57003059AE /* Controller */ = {
			isa = PBXGroup;
			children = (
				B2F14D4C20C44BEB005DF168 /* RZBaseNavigationController.h */,
				B2F14D4D20C44BEB005DF168 /* RZBaseNavigationController.m */,
				B2FFF04420E5446D008CD245 /* RZBaseViewController.h */,
				B2FFF04520E5446D008CD245 /* RZBaseViewController.m */,
			);
			path = Controller;
			sourceTree = "<group>";
		};
		B2BF658020D75B6C003059AE /* Login */ = {
			isa = PBXGroup;
			children = (
				B2D2188A20FB1F3700331F4C /* Manager */,
				5FB6B93020F4AA6B00AEBCF0 /* Model */,
				5FB6B92F20F4AA6500AEBCF0 /* View */,
				5FB6B92E20F4AA6100AEBCF0 /* Controller */,
			);
			path = Login;
			sourceTree = "<group>";
		};
		B2BF658120D75B76003059AE /* HotPot */ = {
			isa = PBXGroup;
			children = (
				B2BF658420D75E6C003059AE /* Manage */,
				B2BF658720D75E83003059AE /* Model */,
				B2BF658520D75E76003059AE /* View */,
				B2BF658620D75E7E003059AE /* Controller */,
			);
			path = HotPot;
			sourceTree = "<group>";
		};
		B2BF658220D75DCF003059AE /* Books */ = {
			isa = PBXGroup;
			children = (
			);
			path = Books;
			sourceTree = "<group>";
		};
		B2BF658320D75DDF003059AE /* Library */ = {
			isa = PBXGroup;
			children = (
				B2BF658B20D75F28003059AE /* Manage */,
				B2BF658A20D75F23003059AE /* Model */,
				B2BF658920D75F1D003059AE /* View */,
				B2BF658820D75F14003059AE /* Controller */,
			);
			path = Library;
			sourceTree = "<group>";
		};
		B2BF658420D75E6C003059AE /* Manage */ = {
			isa = PBXGroup;
			children = (
			);
			path = Manage;
			sourceTree = "<group>";
		};
		B2BF658520D75E76003059AE /* View */ = {
			isa = PBXGroup;
			children = (
			);
			path = View;
			sourceTree = "<group>";
		};
		B2BF658620D75E7E003059AE /* Controller */ = {
			isa = PBXGroup;
			children = (
				B2FFF04720E545EF008CD245 /* RZHotPotViewController.h */,
				B2FFF04820E545EF008CD245 /* RZHotPotViewController.m */,
			);
			path = Controller;
			sourceTree = "<group>";
		};
		B2BF658720D75E83003059AE /* Model */ = {
			isa = PBXGroup;
			children = (
			);
			path = Model;
			sourceTree = "<group>";
		};
		B2BF658820D75F14003059AE /* Controller */ = {
			isa = PBXGroup;
			children = (
			);
			path = Controller;
			sourceTree = "<group>";
		};
		B2BF658920D75F1D003059AE /* View */ = {
			isa = PBXGroup;
			children = (
			);
			path = View;
			sourceTree = "<group>";
		};
		B2BF658A20D75F23003059AE /* Model */ = {
			isa = PBXGroup;
			children = (
			);
			path = Model;
			sourceTree = "<group>";
		};
		B2BF658B20D75F28003059AE /* Manage */ = {
			isa = PBXGroup;
			children = (
			);
			path = Manage;
			sourceTree = "<group>";
		};
		B2D2184C20F2056500331F4C /* Category */ = {
			isa = PBXGroup;
			children = (
				5FB40C38218B005700E464DE /* CategoryMarco.h */,
				B20AC21420EBC9DB008043C7 /* NSString+RZ.h */,
				B20AC21520EBC9DB008043C7 /* NSString+RZ.m */,
				B2D2185320F207DA00331F4C /* UIImage+RZ.h */,
				B2D2185420F207DA00331F4C /* UIImage+RZ.m */,
				B2D2184920F1FD1100331F4C /* UIColor+RZ.h */,
				B2D2184A20F1FD1100331F4C /* UIColor+RZ.m */,
				B2D2187420F510C900331F4C /* NSAttributedString+RZ.h */,
				B2D2187520F510C900331F4C /* NSAttributedString+RZ.m */,
				5F5244B3218007AD00389CD7 /* NSDictionary+RZ.h */,
				5F5244B4218007AD00389CD7 /* NSDictionary+RZ.m */,
			);
			path = Category;
			sourceTree = "<group>";
		};
		B2D2184D20F2057200331F4C /* Base */ = {
			isa = PBXGroup;
			children = (
			);
			path = Base;
			sourceTree = "<group>";
		};
		B2D2184E20F2058200331F4C /* Component */ = {
			isa = PBXGroup;
			children = (
				B2D2185C20F3A69600331F4C /* TextField */,
				B2D2184F20F205FD00331F4C /* NavBar */,
			);
			path = Component;
			sourceTree = "<group>";
		};
		B2D2184F20F205FD00331F4C /* NavBar */ = {
			isa = PBXGroup;
			children = (
				B2D2185820F2108E00331F4C /* RZNavBar.h */,
				B2D2185920F2108E00331F4C /* RZNavBar.m */,
				B2D2185020F2061800331F4C /* RZNavBarItem.h */,
				B2D2185120F2061800331F4C /* RZNavBarItem.m */,
			);
			path = NavBar;
			sourceTree = "<group>";
		};
		B2D2185620F20CE200331F4C /* Marco */ = {
			isa = PBXGroup;
			children = (
				B2D2185720F20CFA00331F4C /* RZUtils.h */,
				B2D2185B20F2132500331F4C /* RZDefine.h */,
			);
			path = Marco;
			sourceTree = "<group>";
		};
		B2D2185C20F3A69600331F4C /* TextField */ = {
			isa = PBXGroup;
			children = (
				B2D2185D20F3A6CB00331F4C /* RZLoginTextField.h */,
				B2D2185E20F3A6CB00331F4C /* RZLoginTextField.m */,
			);
			path = TextField;
			sourceTree = "<group>";
		};
		B2D2186020F3B13F00331F4C /* Helper */ = {
			isa = PBXGroup;
			children = (
				B2D2186120F3B18A00331F4C /* RZInternalUtility.h */,
				B2D2186220F3B18A00331F4C /* RZInternalUtility.m */,
				5F50FE6921104A0E00499F1E /* RZBaseUtils.h */,
				5F50FE6A21104A0E00499F1E /* RZBaseUtils.m */,
			);
			path = Helper;
			sourceTree = "<group>";
		};
		B2D2186420F3B4F600331F4C /* Bundle */ = {
			isa = PBXGroup;
			children = (
				B2D2187120F3B97600331F4C /* RZInternalStrings.bundle */,
			);
			path = Bundle;
			sourceTree = "<group>";
		};
		B2D2187720F7A02E00331F4C /* Controller */ = {
			isa = PBXGroup;
			children = (
				5F7012CE20F6160100088216 /* RZRootViewController.h */,
				5F7012CF20F6160100088216 /* RZRootViewController.m */,
			);
			path = Controller;
			sourceTree = "<group>";
		};
		B2D2187820F7A03700331F4C /* View */ = {
			isa = PBXGroup;
			children = (
				B2D2187920F7A05E00331F4C /* RZHotPotView.h */,
				B2D2187A20F7A05E00331F4C /* RZHotPotView.m */,
			);
			path = View;
			sourceTree = "<group>";
		};
		B2D2187C20F7A06B00331F4C /* Model */ = {
			isa = PBXGroup;
			children = (
				B2D2188220FAEF4B00331F4C /* Student.h */,
				B2D2188120FAEF4B00331F4C /* Student.m */,
				B2D2187E20F7A0A900331F4C /* RZHotPotModel.h */,
				B2D2187F20F7A0A900331F4C /* RZHotPotModel.m */,
				5FBAEA2E211556E30002C2B5 /* RZHomePageModel.h */,
				5FBAEA2F211556E30002C2B5 /* RZHomePageModel.m */,
			);
			path = Model;
			sourceTree = "<group>";
		};
		B2D2187D20F7A09200331F4C /* Manager */ = {
			isa = PBXGroup;
			children = (
			);
			path = Manager;
			sourceTree = "<group>";
		};
		B2D2188A20FB1F3700331F4C /* Manager */ = {
			isa = PBXGroup;
			children = (
				B2D2188B20FB1F5A00331F4C /* RZLoginManager.h */,
				B2D2188C20FB1F5A00331F4C /* RZLoginManager.m */,
			);
			path = Manager;
			sourceTree = "<group>";
		};
		B2F14D0420C3EE7F005DF168 = {
			isa = PBXGroup;
			children = (
				B2F14D0F20C3EE7F005DF168 /* ReadZone */,
				B2F14D2820C3EE81005DF168 /* ReadZoneTests */,
				B2F14D3320C3EE81005DF168 /* ReadZoneUITests */,
				B2F14D0E20C3EE7F005DF168 /* Products */,
				B2003A8C20D41A1900AEA413 /* Frameworks */,
				36D10E96F56458F6D20FF76F /* Pods */,
			);
			sourceTree = "<group>";
		};
		B2F14D0E20C3EE7F005DF168 /* Products */ = {
			isa = PBXGroup;
			children = (
				B2F14D0D20C3EE7F005DF168 /* ReadZone.app */,
			);
			name = Products;
			sourceTree = "<group>";
		};
		B2F14D0F20C3EE7F005DF168 /* ReadZone */ = {
			isa = PBXGroup;
			children = (
				5FEDA51B21882E2A00667A8A /* Vendor */,
				B2003AB020D4BEF000AEA413 /* ReadZone.entitlements */,
				B2BF657E20D75B42003059AE /* Network */,
				B2BF657D20D75B37003059AE /* Global */,
				B2BF657B20D75B11003059AE /* Section */,
				B2BF657A20D75B08003059AE /* General */,
				B2F14D4220C3F297005DF168 /* Resources */,
				B2F14D1020C3EE7F005DF168 /* AppDelegate.h */,
				B2F14D1120C3EE7F005DF168 /* AppDelegate.m */,
				5FD82CCF217E2CD900D1779A /* RZConfig.h */,
				B2D2184520F1F64300331F4C /* RZPrefixHeader.pch */,
				B2FFF03320E4798C008CD245 /* RZFoundationLog.m */,
				5FA3BCFE20F6F31A00A1958A /* Assets.xcassets */,
				B2F14D1B20C3EE81005DF168 /* LaunchScreen.storyboard */,
				B2F14D1E20C3EE81005DF168 /* Info.plist */,
				B2F14D1F20C3EE81005DF168 /* main.m */,
			);
			path = ReadZone;
			sourceTree = "<group>";
		};
		B2F14D2820C3EE81005DF168 /* ReadZoneTests */ = {
			isa = PBXGroup;
			children = (
				B2F14D2920C3EE81005DF168 /* ReadZoneTests.m */,
				B2F14D2B20C3EE81005DF168 /* Info.plist */,
			);
			path = ReadZoneTests;
			sourceTree = "<group>";
		};
		B2F14D3320C3EE81005DF168 /* ReadZoneUITests */ = {
			isa = PBXGroup;
			children = (
				B2F14D3420C3EE81005DF168 /* ReadZoneUITests.m */,
				B2F14D3620C3EE81005DF168 /* Info.plist */,
			);
			path = ReadZoneUITests;
			sourceTree = "<group>";
		};
		B2F14D4220C3F297005DF168 /* Resources */ = {
			isa = PBXGroup;
			children = (
				B2D2186420F3B4F600331F4C /* Bundle */,
				B2F14D4320C3F29F005DF168 /* Font */,
				5F403D4C2101EFDA00050FEB /* InfoPlist.strings */,
			);
			path = Resources;
			sourceTree = "<group>";
		};
		B2F14D4320C3F29F005DF168 /* Font */ = {
			isa = PBXGroup;
			children = (
				B2F14D4420C3F2B2005DF168 /* Apple Chancery.ttf */,
				B2F14D4520C3F936005DF168 /* AdobeSongStd-Light.otf */,
			);
			path = Font;
			sourceTree = "<group>";
		};
/* End PBXGroup section */

/* Begin PBXNativeTarget section */
		B2F14D0C20C3EE7F005DF168 /* ReadZone */ = {
			isa = PBXNativeTarget;
			buildConfigurationList = B2F14D3920C3EE81005DF168 /* Build configuration list for PBXNativeTarget "ReadZone" */;
			buildPhases = (
				A6D3B2ED02A65B7385CAAD61 /* [CP] Check Pods Manifest.lock */,
				B2F14D0920C3EE7F005DF168 /* Sources */,
				B2F14D0A20C3EE7F005DF168 /* Frameworks */,
				B2F14D0B20C3EE7F005DF168 /* Resources */,
				137E1D589CF4CA8FEF2C7FF0 /* [CP] Embed Pods Frameworks */,
			);
			buildRules = (
			);
			dependencies = (
			);
			name = ReadZone;
			productName = ReadZone;
			productReference = B2F14D0D20C3EE7F005DF168 /* ReadZone.app */;
			productType = "com.apple.product-type.application";
		};
/* End PBXNativeTarget section */

/* Begin PBXProject section */
		B2F14D0520C3EE7F005DF168 /* Project object */ = {
			isa = PBXProject;
			attributes = {
				CLASSPREFIX = RZ;
				LastUpgradeCheck = 1000;
				ORGANIZATIONNAME = "谢立颖";
				TargetAttributes = {
					B2F14D0C20C3EE7F005DF168 = {
						CreatedOnToolsVersion = 9.4;
						LastSwiftMigration = 0940;
						ProvisioningStyle = Manual;
						SystemCapabilities = {
							com.apple.NearFieldCommunicationTagReading = {
								enabled = 0;
							};
							com.apple.NetworkExtensions.iOS = {
								enabled = 0;
							};
							com.apple.Push = {
								enabled = 0;
							};
							com.apple.VPNLite = {
								enabled = 0;
							};
						};
					};
				};
			};
			buildConfigurationList = B2F14D0820C3EE7F005DF168 /* Build configuration list for PBXProject "ReadZone" */;
			compatibilityVersion = "Xcode 8.0";
			developmentRegion = en;
			hasScannedForEncodings = 0;
			knownRegions = (
				en,
				Base,
				ja,
				"zh-Hant",
			);
			mainGroup = B2F14D0420C3EE7F005DF168;
			productRefGroup = B2F14D0E20C3EE7F005DF168 /* Products */;
			projectDirPath = "";
			projectRoot = "";
			targets = (
				B2F14D0C20C3EE7F005DF168 /* ReadZone */,
			);
		};
/* End PBXProject section */

/* Begin PBXResourcesBuildPhase section */
		B2F14D0B20C3EE7F005DF168 /* Resources */ = {
			isa = PBXResourcesBuildPhase;
			buildActionMask = 2147483647;
			files = (
				B2F14D4620C3FA98005DF168 /* Apple Chancery.ttf in Resources */,
				5FEDA52121882F5900667A8A /* TIMServer.bundle in Resources */,
				5F403D4A2101EFDA00050FEB /* InfoPlist.strings in Resources */,
				B2F14D4720C3FA98005DF168 /* AdobeSongStd-Light.otf in Resources */,
				5FC4EA2021899DDE007A487E /* TIMServerLocalizable.bundle in Resources */,
				B2F14D1D20C3EE81005DF168 /* LaunchScreen.storyboard in Resources */,
				B2D2187220F3B97600331F4C /* RZInternalStrings.bundle in Resources */,
				5FA3BCFF20F6F31A00A1958A /* Assets.xcassets in Resources */,
				5F2D8F74217FFA460045D8B6 /* asset in Resources */,
			);
			runOnlyForDeploymentPostprocessing = 0;
		};
/* End PBXResourcesBuildPhase section */

/* Begin PBXShellScriptBuildPhase section */
		137E1D589CF4CA8FEF2C7FF0 /* [CP] Embed Pods Frameworks */ = {
			isa = PBXShellScriptBuildPhase;
			buildActionMask = 2147483647;
			files = (
			);
			inputPaths = (
				"${SRCROOT}/Pods/Target Support Files/Pods-ReadZone/Pods-ReadZone-frameworks.sh",
				"${BUILT_PRODUCTS_DIR}/Masonry-framework/Masonry.framework",
				"${BUILT_PRODUCTS_DIR}/AFNetworking/AFNetworking.framework",
				"${BUILT_PRODUCTS_DIR}/AVOSCloud/AVOSCloud.framework",
				"${BUILT_PRODUCTS_DIR}/FDFullscreenPopGesture/FDFullscreenPopGesture.framework",
				"${BUILT_PRODUCTS_DIR}/GCDWebServer/GCDWebServer.framework",
				"${BUILT_PRODUCTS_DIR}/KVOController/KVOController.framework",
				"${BUILT_PRODUCTS_DIR}/MBProgressHUD/MBProgressHUD.framework",
				"${BUILT_PRODUCTS_DIR}/MJExtension/MJExtension.framework",
				"${PODS_ROOT}/Reveal-SDK/RevealServer-18/iOS/RevealServer.framework",
				"${BUILT_PRODUCTS_DIR}/SDWebImage/SDWebImage.framework",
				"${BUILT_PRODUCTS_DIR}/TZImagePickerController/TZImagePickerController.framework",
				"${BUILT_PRODUCTS_DIR}/Toast/Toast.framework",
				"${BUILT_PRODUCTS_DIR}/WebViewJavascriptBridge/WebViewJavascriptBridge.framework",
				"${BUILT_PRODUCTS_DIR}/YYModel/YYModel.framework",
				"${BUILT_PRODUCTS_DIR}/libextobjc/libextobjc.framework",
				"${BUILT_PRODUCTS_DIR}/pop/pop.framework",
			);
			name = "[CP] Embed Pods Frameworks";
			outputPaths = (
				"${TARGET_BUILD_DIR}/${FRAMEWORKS_FOLDER_PATH}/Masonry.framework",
				"${TARGET_BUILD_DIR}/${FRAMEWORKS_FOLDER_PATH}/AFNetworking.framework",
				"${TARGET_BUILD_DIR}/${FRAMEWORKS_FOLDER_PATH}/AVOSCloud.framework",
				"${TARGET_BUILD_DIR}/${FRAMEWORKS_FOLDER_PATH}/FDFullscreenPopGesture.framework",
				"${TARGET_BUILD_DIR}/${FRAMEWORKS_FOLDER_PATH}/GCDWebServer.framework",
				"${TARGET_BUILD_DIR}/${FRAMEWORKS_FOLDER_PATH}/KVOController.framework",
				"${TARGET_BUILD_DIR}/${FRAMEWORKS_FOLDER_PATH}/MBProgressHUD.framework",
				"${TARGET_BUILD_DIR}/${FRAMEWORKS_FOLDER_PATH}/MJExtension.framework",
				"${TARGET_BUILD_DIR}/${FRAMEWORKS_FOLDER_PATH}/RevealServer.framework",
				"${TARGET_BUILD_DIR}/${FRAMEWORKS_FOLDER_PATH}/SDWebImage.framework",
				"${TARGET_BUILD_DIR}/${FRAMEWORKS_FOLDER_PATH}/TZImagePickerController.framework",
				"${TARGET_BUILD_DIR}/${FRAMEWORKS_FOLDER_PATH}/Toast.framework",
				"${TARGET_BUILD_DIR}/${FRAMEWORKS_FOLDER_PATH}/WebViewJavascriptBridge.framework",
				"${TARGET_BUILD_DIR}/${FRAMEWORKS_FOLDER_PATH}/YYModel.framework",
				"${TARGET_BUILD_DIR}/${FRAMEWORKS_FOLDER_PATH}/libextobjc.framework",
				"${TARGET_BUILD_DIR}/${FRAMEWORKS_FOLDER_PATH}/pop.framework",
			);
			runOnlyForDeploymentPostprocessing = 0;
			shellPath = /bin/sh;
			shellScript = "\"${SRCROOT}/Pods/Target Support Files/Pods-ReadZone/Pods-ReadZone-frameworks.sh\"\n";
			showEnvVarsInLog = 0;
		};
		A6D3B2ED02A65B7385CAAD61 /* [CP] Check Pods Manifest.lock */ = {
			isa = PBXShellScriptBuildPhase;
			buildActionMask = 2147483647;
			files = (
			);
			inputPaths = (
				"${PODS_PODFILE_DIR_PATH}/Podfile.lock",
				"${PODS_ROOT}/Manifest.lock",
			);
			name = "[CP] Check Pods Manifest.lock";
			outputPaths = (
				"$(DERIVED_FILE_DIR)/Pods-ReadZone-checkManifestLockResult.txt",
			);
			runOnlyForDeploymentPostprocessing = 0;
			shellPath = /bin/sh;
			shellScript = "diff \"${PODS_PODFILE_DIR_PATH}/Podfile.lock\" \"${PODS_ROOT}/Manifest.lock\" > /dev/null\nif [ $? != 0 ] ; then\n    # print error to STDERR\n    echo \"error: The sandbox is not in sync with the Podfile.lock. Run 'pod install' or update your CocoaPods installation.\" >&2\n    exit 1\nfi\n# This output is used by Xcode 'outputs' to avoid re-running this script phase.\necho \"SUCCESS\" > \"${SCRIPT_OUTPUT_FILE_0}\"\n";
			showEnvVarsInLog = 0;
		};
/* End PBXShellScriptBuildPhase section */

/* Begin PBXSourcesBuildPhase section */
		B2F14D0920C3EE7F005DF168 /* Sources */ = {
			isa = PBXSourcesBuildPhase;
			buildActionMask = 2147483647;
			files = (
				5F7012B520F58DF300088216 /* RZAPIResponse.m in Sources */,
				5FB6B93320F4AA8D00AEBCF0 /* RZUserTextField.m in Sources */,
				5F7012BE20F5DC7C00088216 /* RZAPILogin.m in Sources */,
				5F50FE732110698800499F1E /* RZAPIUser.m in Sources */,
				5F7012C220F5DE5400088216 /* RZDTOLogin.m in Sources */,
				B2FFF04620E5446D008CD245 /* RZBaseViewController.m in Sources */,
				B20AC21620EBC9DB008043C7 /* NSString+RZ.m in Sources */,
				5F0657312110A32E0081D6A9 /* RZUserModel.m in Sources */,
				B2D2186320F3B18A00331F4C /* RZInternalUtility.m in Sources */,
				5FBAEA2A21154CD70002C2B5 /* RZAPIDefine.m in Sources */,
				5FBF57FF20F72D7300CC15A2 /* RZMenuViewController.m in Sources */,
				B2D2185220F2061800331F4C /* RZNavBarItem.m in Sources */,
				5F5244B5218007AD00389CD7 /* NSDictionary+RZ.m in Sources */,
				B2FFF03420E4798C008CD245 /* RZFoundationLog.m in Sources */,
				B2D2184B20F1FD1100331F4C /* UIColor+RZ.m in Sources */,
				5F2CF71D2119E58700B85798 /* RZLoginTextField.swift in Sources */,
				B2D2187620F510C900331F4C /* NSAttributedString+RZ.m in Sources */,
				B2D2185520F207DA00331F4C /* UIImage+RZ.m in Sources */,
				B2D2188020F7A0A900331F4C /* RZHotPotModel.m in Sources */,
				B2509DBA20F0ED10009B5F5F /* RZRegisterViewController.m in Sources */,
				B2D2187B20F7A05E00331F4C /* RZHotPotView.m in Sources */,
				5FBF588920F8BAF800CC15A2 /* RZAboutViewController.m in Sources */,
				5F7012B220F58B1E00088216 /* RZAPI.m in Sources */,
				B2F14D4B20C44BCE005DF168 /* RZLoginViewController.m in Sources */,
				5F83FBC02122F46700FF9AD4 /* RZLoginViewController.swift in Sources */,
				5F7012B820F58E0400088216 /* RZAPIError.m in Sources */,
				5FBAEA30211556E30002C2B5 /* RZHomePageModel.m in Sources */,
				5FBF588320F8892900CC15A2 /* RZSettingCell.m in Sources */,
				5FBAEA2721154C000002C2B5 /* RZAPIBase.m in Sources */,
				5FBF580B20F72E0000CC15A2 /* RZMenuManager.m in Sources */,
				5F50FE6E21104FC600499F1E /* RZUser.m in Sources */,
				5FD82CD2217E2EFB00D1779A /* RZDevelopViewController.m in Sources */,
				5F7012BB20F5D5D400088216 /* RZGlobal.m in Sources */,
				5FBAEA22211333AD0002C2B5 /* QCMethod.m in Sources */,
				5F7012D020F6160100088216 /* RZRootViewController.m in Sources */,
				5FBF587220F84A4D00CC15A2 /* RZMenuButton.m in Sources */,
				5FD82CCD217E27A200D1779A /* RZWebServerManager.m in Sources */,
				5F8E387521848D2500205C9E /* RZAPITencent.m in Sources */,
				B2D2185A20F2108E00331F4C /* RZNavBar.m in Sources */,
				B2FFF04920E545EF008CD245 /* RZHotPotViewController.m in Sources */,
				5F52452B2182ECFC00389CD7 /* RZUserManager.m in Sources */,
				5FB6B93620F4B0B000AEBCF0 /* RZUserButton.m in Sources */,
				B2F14D2020C3EE81005DF168 /* main.m in Sources */,
				5F5244B2217FFDCC00389CD7 /* RZWebKitManager.m in Sources */,
				B2F14D4E20C44BEB005DF168 /* RZBaseNavigationController.m in Sources */,
				5F50FE6B21104A0E00499F1E /* RZBaseUtils.m in Sources */,
				B2F14D1220C3EE7F005DF168 /* AppDelegate.m in Sources */,
				5FBAEA2D211556730002C2B5 /* RZAPIHomePage.m in Sources */,
				5F83FBC22122F50100FF9AD4 /* RZRegisterViewController.swift in Sources */,
				5FBF588020F8842700CC15A2 /* RZSettingViewController.m in Sources */,
				B2D2188320FAEF4C00331F4C /* Student.m in Sources */,
				B2D2185F20F3A6CB00331F4C /* RZLoginTextField.m in Sources */,
				5F50FE68211036C500499F1E /* RZUserInfoModel.m in Sources */,
				5FBF587920F87C3A00CC15A2 /* RZUserViewController.m in Sources */,
				5FD82CC4217E26BE00D1779A /* RZBaseWebKitController.m in Sources */,
				B2D2188D20FB1F5A00331F4C /* RZLoginManager.m in Sources */,
			);
			runOnlyForDeploymentPostprocessing = 0;
		};
/* End PBXSourcesBuildPhase section */

/* Begin PBXVariantGroup section */
		5F403D4C2101EFDA00050FEB /* InfoPlist.strings */ = {
			isa = PBXVariantGroup;
			children = (
				5F403D4B2101EFDA00050FEB /* zh-Hans */,
				5F403D4D2101EFE500050FEB /* en */,
				5F403D4E2101EFE700050FEB /* ja */,
				5F403D502101F0A400050FEB /* zh-Hant */,
			);
			name = InfoPlist.strings;
			sourceTree = "<group>";
		};
		B2F14D1B20C3EE81005DF168 /* LaunchScreen.storyboard */ = {
			isa = PBXVariantGroup;
			children = (
				B2F14D1C20C3EE81005DF168 /* Base */,
				B2D2187320F3CA9900331F4C /* zh-Hans */,
				5FB6B92C20F4A91D00AEBCF0 /* ja */,
				5F403D4F2101F0A300050FEB /* zh-Hant */,
			);
			name = LaunchScreen.storyboard;
			sourceTree = "<group>";
		};
/* End PBXVariantGroup section */

/* Begin XCBuildConfiguration section */
		B2F14D3720C3EE81005DF168 /* Debug */ = {
			isa = XCBuildConfiguration;
			buildSettings = {
				ALWAYS_SEARCH_USER_PATHS = NO;
				CLANG_ANALYZER_LOCALIZABILITY_NONLOCALIZED = YES;
				CLANG_ANALYZER_NONNULL = YES;
				CLANG_ANALYZER_NUMBER_OBJECT_CONVERSION = YES_AGGRESSIVE;
				CLANG_CXX_LANGUAGE_STANDARD = "gnu++14";
				CLANG_CXX_LIBRARY = "libc++";
				CLANG_ENABLE_MODULES = YES;
				CLANG_ENABLE_OBJC_ARC = YES;
				CLANG_ENABLE_OBJC_WEAK = YES;
				CLANG_WARN_BLOCK_CAPTURE_AUTORELEASING = YES;
				CLANG_WARN_BOOL_CONVERSION = YES;
				CLANG_WARN_COMMA = YES;
				CLANG_WARN_CONSTANT_CONVERSION = YES;
				CLANG_WARN_DEPRECATED_OBJC_IMPLEMENTATIONS = YES;
				CLANG_WARN_DIRECT_OBJC_ISA_USAGE = YES_ERROR;
				CLANG_WARN_DOCUMENTATION_COMMENTS = YES;
				CLANG_WARN_EMPTY_BODY = YES;
				CLANG_WARN_ENUM_CONVERSION = YES;
				CLANG_WARN_INFINITE_RECURSION = YES;
				CLANG_WARN_INT_CONVERSION = YES;
				CLANG_WARN_NON_LITERAL_NULL_CONVERSION = YES;
				CLANG_WARN_OBJC_IMPLICIT_RETAIN_SELF = YES;
				CLANG_WARN_OBJC_LITERAL_CONVERSION = YES;
				CLANG_WARN_OBJC_ROOT_CLASS = YES_ERROR;
				CLANG_WARN_RANGE_LOOP_ANALYSIS = YES;
				CLANG_WARN_STRICT_PROTOTYPES = YES;
				CLANG_WARN_SUSPICIOUS_MOVE = YES;
				CLANG_WARN_UNGUARDED_AVAILABILITY = YES_AGGRESSIVE;
				CLANG_WARN_UNREACHABLE_CODE = YES;
				CLANG_WARN__DUPLICATE_METHOD_MATCH = YES;
				CODE_SIGN_IDENTITY = "iPhone Developer";
				COPY_PHASE_STRIP = NO;
				DEBUG_INFORMATION_FORMAT = dwarf;
				ENABLE_STRICT_OBJC_MSGSEND = YES;
				ENABLE_TESTABILITY = YES;
				GCC_C_LANGUAGE_STANDARD = gnu11;
				GCC_DYNAMIC_NO_PIC = NO;
				GCC_NO_COMMON_BLOCKS = YES;
				GCC_OPTIMIZATION_LEVEL = 0;
				GCC_PREPROCESSOR_DEFINITIONS = (
					"DEBUG=1",
					"$(inherited)",
				);
				GCC_WARN_64_TO_32_BIT_CONVERSION = YES;
				GCC_WARN_ABOUT_RETURN_TYPE = YES_ERROR;
				GCC_WARN_UNDECLARED_SELECTOR = YES;
				GCC_WARN_UNINITIALIZED_AUTOS = YES_AGGRESSIVE;
				GCC_WARN_UNUSED_FUNCTION = YES;
				GCC_WARN_UNUSED_VARIABLE = YES;
				IPHONEOS_DEPLOYMENT_TARGET = 9.0;
				MTL_ENABLE_DEBUG_INFO = YES;
				ONLY_ACTIVE_ARCH = YES;
				SDKROOT = iphoneos;
			};
			name = Debug;
		};
		B2F14D3820C3EE81005DF168 /* Release */ = {
			isa = XCBuildConfiguration;
			buildSettings = {
				ALWAYS_SEARCH_USER_PATHS = NO;
				CLANG_ANALYZER_LOCALIZABILITY_NONLOCALIZED = YES;
				CLANG_ANALYZER_NONNULL = YES;
				CLANG_ANALYZER_NUMBER_OBJECT_CONVERSION = YES_AGGRESSIVE;
				CLANG_CXX_LANGUAGE_STANDARD = "gnu++14";
				CLANG_CXX_LIBRARY = "libc++";
				CLANG_ENABLE_MODULES = YES;
				CLANG_ENABLE_OBJC_ARC = YES;
				CLANG_ENABLE_OBJC_WEAK = YES;
				CLANG_WARN_BLOCK_CAPTURE_AUTORELEASING = YES;
				CLANG_WARN_BOOL_CONVERSION = YES;
				CLANG_WARN_COMMA = YES;
				CLANG_WARN_CONSTANT_CONVERSION = YES;
				CLANG_WARN_DEPRECATED_OBJC_IMPLEMENTATIONS = YES;
				CLANG_WARN_DIRECT_OBJC_ISA_USAGE = YES_ERROR;
				CLANG_WARN_DOCUMENTATION_COMMENTS = YES;
				CLANG_WARN_EMPTY_BODY = YES;
				CLANG_WARN_ENUM_CONVERSION = YES;
				CLANG_WARN_INFINITE_RECURSION = YES;
				CLANG_WARN_INT_CONVERSION = YES;
				CLANG_WARN_NON_LITERAL_NULL_CONVERSION = YES;
				CLANG_WARN_OBJC_IMPLICIT_RETAIN_SELF = YES;
				CLANG_WARN_OBJC_LITERAL_CONVERSION = YES;
				CLANG_WARN_OBJC_ROOT_CLASS = YES_ERROR;
				CLANG_WARN_RANGE_LOOP_ANALYSIS = YES;
				CLANG_WARN_STRICT_PROTOTYPES = YES;
				CLANG_WARN_SUSPICIOUS_MOVE = YES;
				CLANG_WARN_UNGUARDED_AVAILABILITY = YES_AGGRESSIVE;
				CLANG_WARN_UNREACHABLE_CODE = YES;
				CLANG_WARN__DUPLICATE_METHOD_MATCH = YES;
				CODE_SIGN_IDENTITY = "iPhone Developer";
				COPY_PHASE_STRIP = NO;
				DEBUG_INFORMATION_FORMAT = "dwarf-with-dsym";
				ENABLE_NS_ASSERTIONS = NO;
				ENABLE_STRICT_OBJC_MSGSEND = YES;
				GCC_C_LANGUAGE_STANDARD = gnu11;
				GCC_NO_COMMON_BLOCKS = YES;
				GCC_WARN_64_TO_32_BIT_CONVERSION = YES;
				GCC_WARN_ABOUT_RETURN_TYPE = YES_ERROR;
				GCC_WARN_UNDECLARED_SELECTOR = YES;
				GCC_WARN_UNINITIALIZED_AUTOS = YES_AGGRESSIVE;
				GCC_WARN_UNUSED_FUNCTION = YES;
				GCC_WARN_UNUSED_VARIABLE = YES;
				IPHONEOS_DEPLOYMENT_TARGET = 9.0;
				MTL_ENABLE_DEBUG_INFO = NO;
				SDKROOT = iphoneos;
				SWIFT_COMPILATION_MODE = wholemodule;
				VALIDATE_PRODUCT = YES;
			};
			name = Release;
		};
		B2F14D3A20C3EE81005DF168 /* Debug */ = {
			isa = XCBuildConfiguration;
			baseConfigurationReference = B05D0AEB4686FF3CA87D576B /* Pods-ReadZone.debug.xcconfig */;
			buildSettings = {
				ALWAYS_EMBED_SWIFT_STANDARD_LIBRARIES = YES;
				ASSETCATALOG_COMPILER_APPICON_NAME = AppIcon;
				CLANG_ENABLE_MODULES = YES;
				CLANG_STATIC_ANALYZER_MODE = shallow;
				CODE_SIGN_IDENTITY = "iPhone Developer";
				CODE_SIGN_STYLE = Manual;
				DEFINES_MODULE = YES;
				DEVELOPMENT_TEAM = 76ABAVPT36;
				ENABLE_BITCODE = NO;
				FRAMEWORK_SEARCH_PATHS = (
					"$(inherited)",
					"$(PROJECT_DIR)/TIMServer/Build/Products/Debug-iphonesimulator",
					"$(PROJECT_DIR)/Build/Products/Debug-iphonesimulator",
					"$(PROJECT_DIR)",
					"$(PROJECT_DIR)/IMFrameworks",
					"$(PROJECT_DIR)/TIMServer/IMFrameworks",
				);
				GCC_PREFIX_HEADER = "${SRCROOT}/ReadZone/RZPrefixHeader.pch";
				GCC_WARN_INHIBIT_ALL_WARNINGS = NO;
				INFOPLIST_FILE = ReadZone/Info.plist;
				IPHONEOS_DEPLOYMENT_TARGET = 9.0;
				LD_RUNPATH_SEARCH_PATHS = "$(inherited) @executable_path/Frameworks";
				LIBRARY_SEARCH_PATHS = "$(inherited)";
				PRODUCT_BUNDLE_IDENTIFIER = com.xiely.ReadZone;
				PRODUCT_NAME = "$(TARGET_NAME)";
				PROVISIONING_PROFILE = "6bf50141-87b1-4c51-9c91-eb4600b7504d";
				PROVISIONING_PROFILE_SPECIFIER = xielyDevelopmentTest;
				RUN_CLANG_STATIC_ANALYZER = NO;
				SWIFT_OBJC_BRIDGING_HEADER = "${SRCROOT}/ReadZone/Global/SwiftModule/ReadZone-Bridging-Header.h";
				SWIFT_OPTIMIZATION_LEVEL = "-Onone";
				SWIFT_VERSION = 4.2;
				TARGETED_DEVICE_FAMILY = 1;
			};
			name = Debug;
		};
		B2F14D3B20C3EE81005DF168 /* Release */ = {
			isa = XCBuildConfiguration;
			baseConfigurationReference = 4E4B76BB13017F3786959A5C /* Pods-ReadZone.release.xcconfig */;
			buildSettings = {
				ALWAYS_EMBED_SWIFT_STANDARD_LIBRARIES = YES;
				ASSETCATALOG_COMPILER_APPICON_NAME = AppIcon;
				CLANG_ENABLE_MODULES = YES;
				CLANG_STATIC_ANALYZER_MODE = shallow;
				CODE_SIGN_IDENTITY = "iPhone Developer";
				CODE_SIGN_STYLE = Manual;
				DEFINES_MODULE = YES;
				DEVELOPMENT_TEAM = 76ABAVPT36;
				ENABLE_BITCODE = NO;
				FRAMEWORK_SEARCH_PATHS = (
					"$(inherited)",
					"$(PROJECT_DIR)/ReadZone/Resources/Frameworks",
					"$(PROJECT_DIR)/IMFrameworks",
					"$(PROJECT_DIR)/TIMServer/Build/Products/Debug-iphonesimulator",
					"$(PROJECT_DIR)/Build/Products/Debug-iphonesimulator",
					"$(PROJECT_DIR)",
					"$(PROJECT_DIR)/TIMServer/YMFrameworks",
					"$(PROJECT_DIR)/YMFraneworks",
					"$(PROJECT_DIR)/TIMServer/IMFrameworks",
				);
				GCC_PREFIX_HEADER = "${SRCROOT}/ReadZone/RZPrefixHeader.pch";
				GCC_WARN_INHIBIT_ALL_WARNINGS = NO;
				INFOPLIST_FILE = ReadZone/Info.plist;
				IPHONEOS_DEPLOYMENT_TARGET = 9.0;
				LD_RUNPATH_SEARCH_PATHS = "$(inherited) @executable_path/Frameworks";
				LIBRARY_SEARCH_PATHS = "$(inherited)";
				PRODUCT_BUNDLE_IDENTIFIER = com.xiely.ReadZone;
				PRODUCT_NAME = "$(TARGET_NAME)";
				PROVISIONING_PROFILE = "6bf50141-87b1-4c51-9c91-eb4600b7504d";
				PROVISIONING_PROFILE_SPECIFIER = xielyDevelopmentTest;
				RUN_CLANG_STATIC_ANALYZER = NO;
				SWIFT_OBJC_BRIDGING_HEADER = "${SRCROOT}/ReadZone/Global/SwiftModule/ReadZone-Bridging-Header.h";
				SWIFT_VERSION = 4.2;
				TARGETED_DEVICE_FAMILY = 1;
			};
			name = Release;
		};
/* End XCBuildConfiguration section */

/* Begin XCConfigurationList section */
		B2F14D0820C3EE7F005DF168 /* Build configuration list for PBXProject "ReadZone" */ = {
			isa = XCConfigurationList;
			buildConfigurations = (
				B2F14D3720C3EE81005DF168 /* Debug */,
				B2F14D3820C3EE81005DF168 /* Release */,
			);
			defaultConfigurationIsVisible = 0;
			defaultConfigurationName = Release;
		};
		B2F14D3920C3EE81005DF168 /* Build configuration list for PBXNativeTarget "ReadZone" */ = {
			isa = XCConfigurationList;
			buildConfigurations = (
				B2F14D3A20C3EE81005DF168 /* Debug */,
				B2F14D3B20C3EE81005DF168 /* Release */,
			);
			defaultConfigurationIsVisible = 0;
			defaultConfigurationName = Release;
		};
/* End XCConfigurationList section */
	};
	rootObject = B2F14D0520C3EE7F005DF168 /* Project object */;
}
